// !$*UTF8*$!
{
	archiveVersion = 1;
	classes = {
	};
	objectVersion = 46;
	objects = {

/* Begin PBXBuildFile section */
		08C60DEF0784F22835F45836 /* ofxTLPage.cpp in Sources */ = {isa = PBXBuildFile; fileRef = EBAE298D5B866250FD1128E4 /* ofxTLPage.cpp */; };
		152EAECABD008D84AF7F27F8 /* ofxEasingLinear.cpp in Sources */ = {isa = PBXBuildFile; fileRef = 9A4CFDCEA412E8BCDACA9B26 /* ofxEasingLinear.cpp */; };
		1681B057697F32E22EA76911 /* ofxTLTicker.cpp in Sources */ = {isa = PBXBuildFile; fileRef = 7284A86462105366FB6A3E9B /* ofxTLTicker.cpp */; };
		168C43F69AF6A8042EA0B13F /* easing_terms_of_use.html in Sources */ = {isa = PBXBuildFile; fileRef = 9AAEF50558BBDBEB5260FC35 /* easing_terms_of_use.html */; };
		1918F0D1C68E890430F0D992 /* ofxTLImageSequenceFrame.cpp in Sources */ = {isa = PBXBuildFile; fileRef = 6EE9CE034DD1C617993148F4 /* ofxTLImageSequenceFrame.cpp */; };
		1A0FFF7819726B4431667719 /* tracker.cpp in Sources */ = {isa = PBXBuildFile; fileRef = 2DA696FBA4A9CC8CF2DB3C96 /* tracker.cpp */; };
		1A756249505A491A761374B1 /* ofxTLEmptyKeyframes.cpp in Sources */ = {isa = PBXBuildFile; fileRef = 2C19A312AF70ECB54EF0D86D /* ofxTLEmptyKeyframes.cpp */; };
		1CD33E884D9E3358252E82A1 /* ofxToggle.cpp in Sources */ = {isa = PBXBuildFile; fileRef = 907C5B5E104864A2D3A25745 /* ofxToggle.cpp */; };
		1D3E6422AD76A3F88A21C887 /* ofxTLImageSequence.cpp in Sources */ = {isa = PBXBuildFile; fileRef = D45D0A1968E4C7470665330B /* ofxTLImageSequence.cpp */; };
		1E131B8046D6C77E965F293C /* audiodecodercoreaudio.cpp in Sources */ = {isa = PBXBuildFile; fileRef = 7C8C675B822C63F2E78C0714 /* audiodecodercoreaudio.cpp */; };
		27765D1BFF26BD9A6186915F /* ofxEasingCirc.cpp in Sources */ = {isa = PBXBuildFile; fileRef = A4973CEF438C8931B5E03E0A /* ofxEasingCirc.cpp */; };
		2969A03514C536E179CF126C /* audiodecoderbase.cpp in Sources */ = {isa = PBXBuildFile; fileRef = A9DF02FC3CB5DF7AF76ACF26 /* audiodecoderbase.cpp */; };
		32FC7731C1EF7B87E491C93D /* ofxTween.cpp in Sources */ = {isa = PBXBuildFile; fileRef = 497F252390399FCF843297DA /* ofxTween.cpp */; };
		3526B547BA76A20E8D05CBA1 /* ofxTLKeyframes.cpp in Sources */ = {isa = PBXBuildFile; fileRef = 649DA09CA8CED143628E7BE8 /* ofxTLKeyframes.cpp */; };
		3579AA66A95578EC9CC4317D /* ofxTLCurves.cpp in Sources */ = {isa = PBXBuildFile; fileRef = 137AA72E406DA6DBEE08885D /* ofxTLCurves.cpp */; };
		3FB466D647BA0598FCBA01F8 /* ofxTLInOut.cpp in Sources */ = {isa = PBXBuildFile; fileRef = 42CF2985B047B1E350A3B6FF /* ofxTLInOut.cpp */; };
		46F84AA6BCF4296E045728AB /* ofxTLAudioTrack.cpp in Sources */ = {isa = PBXBuildFile; fileRef = 199ED7BD272B34B3FC3D42D4 /* ofxTLAudioTrack.cpp */; };
		483908258D00B98B4BE69F07 /* ofxLabel.cpp in Sources */ = {isa = PBXBuildFile; fileRef = 78D67A00EB899FAC09430597 /* ofxLabel.cpp */; };
		4F2F520728C6DDA3A2DB34C3 /* ofxTLCameraTrack.cpp in Sources */ = {isa = PBXBuildFile; fileRef = D6825BCC326432CACBD48CF8 /* ofxTLCameraTrack.cpp */; };
		4FBC230689AD8E50FCD0E976 /* ofxTimeline.cpp in Sources */ = {isa = PBXBuildFile; fileRef = F55B30EFA2259DC5746F8FCF /* ofxTimeline.cpp */; };
		51F0C76E88ED7D25185AA733 /* ofxTLTrack.cpp in Sources */ = {isa = PBXBuildFile; fileRef = 20CC57B52AB911A1A42AB88A /* ofxTLTrack.cpp */; };
		59EEACB88F062457FF86492C /* ofxEasingExpo.cpp in Sources */ = {isa = PBXBuildFile; fileRef = 0F26D4EDFF0E9EA8CF68B694 /* ofxEasingExpo.cpp */; };
		5A4349E9754D6FA14C0F2A3A /* tinyxmlparser.cpp in Sources */ = {isa = PBXBuildFile; fileRef = FC5DA1C87211D4F6377DA719 /* tinyxmlparser.cpp */; };
		5ADFBBE22FD1C679F1C79E30 /* ofOpenALSoundPlayer_TimelineAdditions.cpp in Sources */ = {isa = PBXBuildFile; fileRef = 437800818CBF0A4F20454D3D /* ofOpenALSoundPlayer_TimelineAdditions.cpp */; };
		5CBB2AB3A60F65431D7B555D /* ofxButton.cpp in Sources */ = {isa = PBXBuildFile; fileRef = C88333E71C9457E441C33474 /* ofxButton.cpp */; };
		5E0DBDE5736DEB3A5886B3F1 /* ofxEasingBack.cpp in Sources */ = {isa = PBXBuildFile; fileRef = 7660DD2BE873BAD12E3A496D /* ofxEasingBack.cpp */; };
		61C9134C216D9003D7E2E475 /* track.cpp in Sources */ = {isa = PBXBuildFile; fileRef = F050DA7F048519A0762011A5 /* track.cpp */; };
		63B57AC5BF4EF088491E0317 /* ofxXmlSettings.cpp in Sources */ = {isa = PBXBuildFile; fileRef = 50DF87D612C5AAE17AAFA6C0 /* ofxXmlSettings.cpp */; };
		6499B8489905BFE9067F8DB8 /* ofxTimecode.cpp in Sources */ = {isa = PBXBuildFile; fileRef = D9882C87EDC438B97F534F28 /* ofxTimecode.cpp */; };
		6D7B53ED56654ABBF2FF13B1 /* ofxEasingQuad.cpp in Sources */ = {isa = PBXBuildFile; fileRef = B9E1DB01BD6701283FC87946 /* ofxEasingQuad.cpp */; };
		6E062274743F6716A9AD4395 /* ofxEasingElastic.cpp in Sources */ = {isa = PBXBuildFile; fileRef = A26C4A6254126C99F0A65354 /* ofxEasingElastic.cpp */; };
		709F6755E73FF9B85382BD19 /* ofxTLPageTabs.cpp in Sources */ = {isa = PBXBuildFile; fileRef = 7AE0FD0D7D3B7EED1A3B55C7 /* ofxTLPageTabs.cpp */; };
		717FB4858EA0E2F87822FD3A /* kiss_fftr.c in Sources */ = {isa = PBXBuildFile; fileRef = 134B63EEC9FB066F5873837B /* kiss_fftr.c */; };
		7E769097DE6561633305B24C /* ofxEasingQuint.cpp in Sources */ = {isa = PBXBuildFile; fileRef = FB8A50F8A34037BCD5DC10D0 /* ofxEasingQuint.cpp */; };
		837220E80EB56CD44AD27F2A /* ofxSlider.cpp in Sources */ = {isa = PBXBuildFile; fileRef = 15F2C6477A769C03A56D1401 /* ofxSlider.cpp */; };
		856AA354D08AB4B323081444 /* ofxBaseGui.cpp in Sources */ = {isa = PBXBuildFile; fileRef = 9604B925D32EE39065747725 /* ofxBaseGui.cpp */; };
		85A41526FDFA1A8CDAEE81F7 /* ofxEasingQuart.cpp in Sources */ = {isa = PBXBuildFile; fileRef = 882494DB324414B7B31DB11C /* ofxEasingQuart.cpp */; };
		8EEDF093BE950EDFA144B281 /* ofxTLColors.cpp in Sources */ = {isa = PBXBuildFile; fileRef = 51525BDF0C36B6CE9A43E369 /* ofxTLColors.cpp */; };
		9119BFC53670A98106E367BB /* ofxMSATimer.cpp in Sources */ = {isa = PBXBuildFile; fileRef = B4EBE6922DE4DCB97639B65F /* ofxMSATimer.cpp */; };
		9266028E1AECBB027ABF64D8 /* ofxEasing.cpp in Sources */ = {isa = PBXBuildFile; fileRef = 26E160699149D8AF609734A1 /* ofxEasing.cpp */; };
		933A2227713C720CEFF80FD9 /* tinyxml.cpp in Sources */ = {isa = PBXBuildFile; fileRef = 2B40EDA85BEB63E46785BC29 /* tinyxml.cpp */; };
		97E6FBDEDE84F8308C7369F7 /* ofxHotKeys_impl_linux.cpp in Sources */ = {isa = PBXBuildFile; fileRef = 25541384127C2C6A617827B3 /* ofxHotKeys_impl_linux.cpp */; };
		9D40E7644E5AE84BC58DD876 /* ofxHotKeys_impl_mac.mm in Sources */ = {isa = PBXBuildFile; fileRef = A407795C09AD02EDB4200D22 /* ofxHotKeys_impl_mac.mm */; };
		9D44DC88EF9E7991B4A09951 /* tinyxmlerror.cpp in Sources */ = {isa = PBXBuildFile; fileRef = 832BDC407620CDBA568B713D /* tinyxmlerror.cpp */; };
		A0F712FCBB83D675E490BAA2 /* ofxTLImageTrack.cpp in Sources */ = {isa = PBXBuildFile; fileRef = D185F84FE114EE253DAF9E77 /* ofxTLImageTrack.cpp */; };
		A1B954674AD8F1B7D7BC160B /* ofxTLLFO.cpp in Sources */ = {isa = PBXBuildFile; fileRef = B0ECD80442B92F7983907CCE /* ofxTLLFO.cpp */; };
		AA51DBE9A3558404635906C4 /* ofxTLColorTrack.cpp in Sources */ = {isa = PBXBuildFile; fileRef = 3F3BA3F2EC760EBDB82382A4 /* ofxTLColorTrack.cpp */; };
		ACF29562489AB92914DD82F9 /* ofxTLSwitches.cpp in Sources */ = {isa = PBXBuildFile; fileRef = E664B1C961F5399C355B24A9 /* ofxTLSwitches.cpp */; };
		AD6EF060CC39D325A7485739 /* kiss_fft.c in Sources */ = {isa = PBXBuildFile; fileRef = 417251AC068AC0676E6EBC90 /* kiss_fft.c */; };
		AE5BA07571758CEAF4B57481 /* ofxTLEmptyTrack.cpp in Sources */ = {isa = PBXBuildFile; fileRef = B02B9900CA26DA53964BB13E /* ofxTLEmptyTrack.cpp */; };
		B1407C8984E08695D3169BD1 /* ofxTLTrackHeader.cpp in Sources */ = {isa = PBXBuildFile; fileRef = 31CE76313F646648B3E07379 /* ofxTLTrackHeader.cpp */; };
		B266578FC55D23BFEBC042E7 /* ofxGuiGroup.cpp in Sources */ = {isa = PBXBuildFile; fileRef = ECF8674C7975F1063C5E30CA /* ofxGuiGroup.cpp */; };
		B56FE57CC35806596D38118C /* ofxSliderGroup.cpp in Sources */ = {isa = PBXBuildFile; fileRef = 802251BAF1B35B1D67B32FD0 /* ofxSliderGroup.cpp */; };
		B9F88E66370B37B8D049061F /* ofxRemoveCocoaMenu.mm in Sources */ = {isa = PBXBuildFile; fileRef = BF2A1B94E11FCD0BFD89091B /* ofxRemoveCocoaMenu.mm */; };
		CF2D93B86E37B368392DF5A3 /* ofxHotKeys_impl_win.cpp in Sources */ = {isa = PBXBuildFile; fileRef = 8C11D76E4301CF26DAFDE691 /* ofxHotKeys_impl_win.cpp */; };
		D32690903A12986277E231D4 /* ofxTLZoomer.cpp in Sources */ = {isa = PBXBuildFile; fileRef = 4DC10D3B543DE1CB1383800C /* ofxTLZoomer.cpp */; };
		D5188AEF6AE2BD83BAD07CD0 /* ofxTLFlags.cpp in Sources */ = {isa = PBXBuildFile; fileRef = F5EA686FBFE3DC58D839F335 /* ofxTLFlags.cpp */; };
		D8114F185B1936FB0AD7EC29 /* ofxTLBangs.cpp in Sources */ = {isa = PBXBuildFile; fileRef = 1B71A09D407E816045271D62 /* ofxTLBangs.cpp */; };
		D891CE427189A54E88C6DA88 /* ofxAudioDecoder.cpp in Sources */ = {isa = PBXBuildFile; fileRef = E028B134EB601018AF3FB0FF /* ofxAudioDecoder.cpp */; };
		DF5CDD12FDD08B9813DFAA9B /* ofxTLVideoTrack.cpp in Sources */ = {isa = PBXBuildFile; fileRef = C85ECC6D71814AA798260527 /* ofxTLVideoTrack.cpp */; };
		E4328149138ABC9F0047C5CB /* openFrameworksDebug.a in Frameworks */ = {isa = PBXBuildFile; fileRef = E4328148138ABC890047C5CB /* openFrameworksDebug.a */; };
		E4B69E200A3A1BDC003C02F2 /* main.cpp in Sources */ = {isa = PBXBuildFile; fileRef = E4B69E1D0A3A1BDC003C02F2 /* main.cpp */; };
		E4B69E210A3A1BDC003C02F2 /* ofApp.cpp in Sources */ = {isa = PBXBuildFile; fileRef = E4B69E1E0A3A1BDC003C02F2 /* ofApp.cpp */; };
		E816D7D242D315FB53E23F54 /* ofxEasingCubic.cpp in Sources */ = {isa = PBXBuildFile; fileRef = 34AA5DBAF88C8B757B46D40D /* ofxEasingCubic.cpp */; };
		EAD3CE0789481F975F351F39 /* ofxEasingBounce.cpp in Sources */ = {isa = PBXBuildFile; fileRef = 00B7E2794A10F926DF630529 /* ofxEasingBounce.cpp */; };
		EB2F74757345E3E4BFB253CB /* ofxTLVideoThumb.cpp in Sources */ = {isa = PBXBuildFile; fileRef = C677141487F23D2AAF62BC72 /* ofxTLVideoThumb.cpp */; };
		F285EB3169F1566CA3D93C20 /* ofxPanel.cpp in Sources */ = {isa = PBXBuildFile; fileRef = E112B3AEBEA2C091BF2B40AE /* ofxPanel.cpp */; };
		F6CA03081709FCBFDAEF6676 /* ofxTextInputField.cpp in Sources */ = {isa = PBXBuildFile; fileRef = BCB6A6D9093FF11EE0D7D470 /* ofxTextInputField.cpp */; };
		FE278F5F783581237AE8ECB2 /* ofxEasingSine.cpp in Sources */ = {isa = PBXBuildFile; fileRef = 5FABA58C3070AF2F33E8C257 /* ofxEasingSine.cpp */; };
/* End PBXBuildFile section */

/* Begin PBXContainerItemProxy section */
		E4328147138ABC890047C5CB /* PBXContainerItemProxy */ = {
			isa = PBXContainerItemProxy;
			containerPortal = E4328143138ABC890047C5CB /* openFrameworksLib.xcodeproj */;
			proxyType = 2;
			remoteGlobalIDString = E4B27C1510CBEB8E00536013;
			remoteInfo = openFrameworks;
		};
		E4EEB9AB138B136A00A80321 /* PBXContainerItemProxy */ = {
			isa = PBXContainerItemProxy;
			containerPortal = E4328143138ABC890047C5CB /* openFrameworksLib.xcodeproj */;
			proxyType = 1;
			remoteGlobalIDString = E4B27C1410CBEB8E00536013;
			remoteInfo = openFrameworks;
		};
/* End PBXContainerItemProxy section */

/* Begin PBXCopyFilesBuildPhase section */
		E4C2427710CC5ABF004149E2 /* CopyFiles */ = {
			isa = PBXCopyFilesBuildPhase;
			buildActionMask = 2147483647;
			dstPath = "";
			dstSubfolderSpec = 10;
			files = (
			);
			runOnlyForDeploymentPostprocessing = 0;
		};
/* End PBXCopyFilesBuildPhase section */

/* Begin PBXFileReference section */
		00B7E2794A10F926DF630529 /* ofxEasingBounce.cpp */ = {isa = PBXFileReference; explicitFileType = sourcecode.cpp.cpp; fileEncoding = 30; name = ofxEasingBounce.cpp; path = ../../../addons/ofxTween/src/Easings/ofxEasingBounce.cpp; sourceTree = SOURCE_ROOT; };
		01DCC0911400F9ACF5B65578 /* ofxXmlSettings.h */ = {isa = PBXFileReference; explicitFileType = sourcecode.c.h; fileEncoding = 30; name = ofxXmlSettings.h; path = ../../../addons/ofxXmlSettings/src/ofxXmlSettings.h; sourceTree = SOURCE_ROOT; };
		03DDE55C47701116EDEB1800 /* ofxMSATimer.h */ = {isa = PBXFileReference; explicitFileType = sourcecode.c.h; fileEncoding = 30; name = ofxMSATimer.h; path = ../../../addons/ofxMSATimer/src/ofxMSATimer.h; sourceTree = SOURCE_ROOT; };
		0A1DAC09F322AE313A40706D /* ofxToggle.h */ = {isa = PBXFileReference; explicitFileType = sourcecode.c.h; fileEncoding = 30; name = ofxToggle.h; path = ../../../addons/ofxGui/src/ofxToggle.h; sourceTree = SOURCE_ROOT; };
		0AB20682CCA0A4B47FE3A183 /* tracker.hpp */ = {isa = PBXFileReference; explicitFileType = sourcecode.c.h; fileEncoding = 30; name = tracker.hpp; path = src/tracker.hpp; sourceTree = SOURCE_ROOT; };
		0F26D4EDFF0E9EA8CF68B694 /* ofxEasingExpo.cpp */ = {isa = PBXFileReference; explicitFileType = sourcecode.cpp.cpp; fileEncoding = 30; name = ofxEasingExpo.cpp; path = ../../../addons/ofxTween/src/Easings/ofxEasingExpo.cpp; sourceTree = SOURCE_ROOT; };
		12467A627A4B1BB177C5DDA8 /* efx-creative.h */ = {isa = PBXFileReference; explicitFileType = sourcecode.c.h; fileEncoding = 30; name = "efx-creative.h"; path = "../localAddons/ofxTimeline/libs/openal/include/AL/efx-creative.h"; sourceTree = SOURCE_ROOT; };
		134B63EEC9FB066F5873837B /* kiss_fftr.c */ = {isa = PBXFileReference; explicitFileType = sourcecode.c.c; fileEncoding = 30; name = kiss_fftr.c; path = ../localAddons/ofxTimeline/libs/kiss/src/kiss_fftr.c; sourceTree = SOURCE_ROOT; };
		137AA72E406DA6DBEE08885D /* ofxTLCurves.cpp */ = {isa = PBXFileReference; explicitFileType = sourcecode.cpp.cpp; fileEncoding = 30; name = ofxTLCurves.cpp; path = ../localAddons/ofxTimeline/src/ofxTLCurves.cpp; sourceTree = SOURCE_ROOT; };
		1416D687E4A89CC832237989 /* ofxTLTicker.h */ = {isa = PBXFileReference; explicitFileType = sourcecode.c.h; fileEncoding = 30; name = ofxTLTicker.h; path = ../localAddons/ofxTimeline/src/ofxTLTicker.h; sourceTree = SOURCE_ROOT; };
		15F2C6477A769C03A56D1401 /* ofxSlider.cpp */ = {isa = PBXFileReference; explicitFileType = sourcecode.cpp.cpp; fileEncoding = 30; name = ofxSlider.cpp; path = ../../../addons/ofxGui/src/ofxSlider.cpp; sourceTree = SOURCE_ROOT; };
		17D23303DBE5EDD5BFAE400D /* ofxTimeline.h */ = {isa = PBXFileReference; explicitFileType = sourcecode.c.h; fileEncoding = 30; name = ofxTimeline.h; path = ../localAddons/ofxTimeline/src/ofxTimeline.h; sourceTree = SOURCE_ROOT; };
		17E65988300FBD9AAA2CD0CA /* ofxGui.h */ = {isa = PBXFileReference; explicitFileType = sourcecode.c.h; fileEncoding = 30; name = ofxGui.h; path = ../../../addons/ofxGui/src/ofxGui.h; sourceTree = SOURCE_ROOT; };
		1853A1BA0971A31B87786472 /* ofxTLPage.h */ = {isa = PBXFileReference; explicitFileType = sourcecode.c.h; fileEncoding = 30; name = ofxTLPage.h; path = ../localAddons/ofxTimeline/src/ofxTLPage.h; sourceTree = SOURCE_ROOT; };
		199ED7BD272B34B3FC3D42D4 /* ofxTLAudioTrack.cpp */ = {isa = PBXFileReference; explicitFileType = sourcecode.cpp.cpp; fileEncoding = 30; name = ofxTLAudioTrack.cpp; path = ../localAddons/ofxTimeline/src/ofxTLAudioTrack.cpp; sourceTree = SOURCE_ROOT; };
		1B71A09D407E816045271D62 /* ofxTLBangs.cpp */ = {isa = PBXFileReference; explicitFileType = sourcecode.cpp.cpp; fileEncoding = 30; name = ofxTLBangs.cpp; path = ../localAddons/ofxTimeline/src/ofxTLBangs.cpp; sourceTree = SOURCE_ROOT; };
		1C0DA2561397A7DE0246858B /* ofxGuiGroup.h */ = {isa = PBXFileReference; explicitFileType = sourcecode.c.h; fileEncoding = 30; name = ofxGuiGroup.h; path = ../../../addons/ofxGui/src/ofxGuiGroup.h; sourceTree = SOURCE_ROOT; };
		20CC57B52AB911A1A42AB88A /* ofxTLTrack.cpp */ = {isa = PBXFileReference; explicitFileType = sourcecode.cpp.cpp; fileEncoding = 30; name = ofxTLTrack.cpp; path = ../localAddons/ofxTimeline/src/ofxTLTrack.cpp; sourceTree = SOURCE_ROOT; };
		22EC628E5FA510D7034A99BB /* ofRange.h */ = {isa = PBXFileReference; explicitFileType = sourcecode.c.h; fileEncoding = 30; name = ofRange.h; path = ../../../addons/ofxRange/src/ofRange.h; sourceTree = SOURCE_ROOT; };
		25541384127C2C6A617827B3 /* ofxHotKeys_impl_linux.cpp */ = {isa = PBXFileReference; explicitFileType = sourcecode.cpp.cpp; fileEncoding = 30; name = ofxHotKeys_impl_linux.cpp; path = ../localAddons/ofxTimeline/src/ofxHotKeys_impl_linux.cpp; sourceTree = SOURCE_ROOT; };
		26E160699149D8AF609734A1 /* ofxEasing.cpp */ = {isa = PBXFileReference; explicitFileType = sourcecode.cpp.cpp; fileEncoding = 30; name = ofxEasing.cpp; path = ../../../addons/ofxTween/src/Easings/ofxEasing.cpp; sourceTree = SOURCE_ROOT; };
		2834D88A62CD23F3DE2C47D1 /* ofxButton.h */ = {isa = PBXFileReference; explicitFileType = sourcecode.c.h; fileEncoding = 30; name = ofxButton.h; path = ../../../addons/ofxGui/src/ofxButton.h; sourceTree = SOURCE_ROOT; };
		2B40EDA85BEB63E46785BC29 /* tinyxml.cpp */ = {isa = PBXFileReference; explicitFileType = sourcecode.cpp.cpp; fileEncoding = 30; name = tinyxml.cpp; path = ../../../addons/ofxXmlSettings/libs/tinyxml.cpp; sourceTree = SOURCE_ROOT; };
		2C19A312AF70ECB54EF0D86D /* ofxTLEmptyKeyframes.cpp */ = {isa = PBXFileReference; explicitFileType = sourcecode.cpp.cpp; fileEncoding = 30; name = ofxTLEmptyKeyframes.cpp; path = ../localAddons/ofxTimeline/src/ofxTLEmptyKeyframes.cpp; sourceTree = SOURCE_ROOT; };
		2DA696FBA4A9CC8CF2DB3C96 /* tracker.cpp */ = {isa = PBXFileReference; explicitFileType = sourcecode.cpp.cpp; fileEncoding = 30; name = tracker.cpp; path = src/tracker.cpp; sourceTree = SOURCE_ROOT; };
		3183269A31718BBAD2BE84F9 /* ofxTLVideoTrack.h */ = {isa = PBXFileReference; explicitFileType = sourcecode.c.h; fileEncoding = 30; name = ofxTLVideoTrack.h; path = ../localAddons/ofxTimeline/src/ofxTLVideoTrack.h; sourceTree = SOURCE_ROOT; };
		31CE76313F646648B3E07379 /* ofxTLTrackHeader.cpp */ = {isa = PBXFileReference; explicitFileType = sourcecode.cpp.cpp; fileEncoding = 30; name = ofxTLTrackHeader.cpp; path = ../localAddons/ofxTimeline/src/ofxTLTrackHeader.cpp; sourceTree = SOURCE_ROOT; };
		32A4CFB3C035648B6650503E /* audiodecoderbase.h */ = {isa = PBXFileReference; explicitFileType = sourcecode.c.h; fileEncoding = 30; name = audiodecoderbase.h; path = ../localAddons/ofxAudioDecoder/libs/include/audiodecoderbase.h; sourceTree = SOURCE_ROOT; };
		349DFFFBE8DB6097D294429D /* ofxTLImageSequenceFrame.h */ = {isa = PBXFileReference; explicitFileType = sourcecode.c.h; fileEncoding = 30; name = ofxTLImageSequenceFrame.h; path = ../localAddons/ofxTimeline/src/ofxTLImageSequenceFrame.h; sourceTree = SOURCE_ROOT; };
		34AA5DBAF88C8B757B46D40D /* ofxEasingCubic.cpp */ = {isa = PBXFileReference; explicitFileType = sourcecode.cpp.cpp; fileEncoding = 30; name = ofxEasingCubic.cpp; path = ../../../addons/ofxTween/src/Easings/ofxEasingCubic.cpp; sourceTree = SOURCE_ROOT; };
		3D5A874AE34061363E1C19B1 /* ofxTextInputFieldFontRenderer.h */ = {isa = PBXFileReference; explicitFileType = sourcecode.c.h; fileEncoding = 30; name = ofxTextInputFieldFontRenderer.h; path = ../../../addons/ofxTextInputField/src/ofxTextInputFieldFontRenderer.h; sourceTree = SOURCE_ROOT; };
		3DC6648A0468FBECB5E45B57 /* ofxTween.h */ = {isa = PBXFileReference; explicitFileType = sourcecode.c.h; fileEncoding = 30; name = ofxTween.h; path = ../../../addons/ofxTween/src/ofxTween.h; sourceTree = SOURCE_ROOT; };
		3F3BA3F2EC760EBDB82382A4 /* ofxTLColorTrack.cpp */ = {isa = PBXFileReference; explicitFileType = sourcecode.cpp.cpp; fileEncoding = 30; name = ofxTLColorTrack.cpp; path = ../localAddons/ofxTimeline/src/ofxTLColorTrack.cpp; sourceTree = SOURCE_ROOT; };
		40E7B849EFAA95D01B86026D /* ofxTLColors.h */ = {isa = PBXFileReference; explicitFileType = sourcecode.c.h; fileEncoding = 30; name = ofxTLColors.h; path = ../localAddons/ofxTimeline/src/ofxTLColors.h; sourceTree = SOURCE_ROOT; };
		417251AC068AC0676E6EBC90 /* kiss_fft.c */ = {isa = PBXFileReference; explicitFileType = sourcecode.c.c; fileEncoding = 30; name = kiss_fft.c; path = ../localAddons/ofxTimeline/libs/kiss/src/kiss_fft.c; sourceTree = SOURCE_ROOT; };
		42CF2985B047B1E350A3B6FF /* ofxTLInOut.cpp */ = {isa = PBXFileReference; explicitFileType = sourcecode.cpp.cpp; fileEncoding = 30; name = ofxTLInOut.cpp; path = ../localAddons/ofxTimeline/src/ofxTLInOut.cpp; sourceTree = SOURCE_ROOT; };
		437800818CBF0A4F20454D3D /* ofOpenALSoundPlayer_TimelineAdditions.cpp */ = {isa = PBXFileReference; explicitFileType = sourcecode.cpp.cpp; fileEncoding = 30; name = ofOpenALSoundPlayer_TimelineAdditions.cpp; path = ../localAddons/ofxTimeline/libs/ofOpenALSoundPlayer_TimelineAdditions/src/ofOpenALSoundPlayer_TimelineAdditions.cpp; sourceTree = SOURCE_ROOT; };
		497F252390399FCF843297DA /* ofxTween.cpp */ = {isa = PBXFileReference; explicitFileType = sourcecode.cpp.cpp; fileEncoding = 30; name = ofxTween.cpp; path = ../../../addons/ofxTween/src/ofxTween.cpp; sourceTree = SOURCE_ROOT; };
		4C0E055E4176057631087AA3 /* ofxEasingQuart.h */ = {isa = PBXFileReference; explicitFileType = sourcecode.c.h; fileEncoding = 30; name = ofxEasingQuart.h; path = ../../../addons/ofxTween/src/Easings/ofxEasingQuart.h; sourceTree = SOURCE_ROOT; };
		4D8C4F10D3D2486A17B78C1F /* _kiss_fft_guts.h */ = {isa = PBXFileReference; explicitFileType = sourcecode.c.h; fileEncoding = 30; name = _kiss_fft_guts.h; path = ../localAddons/ofxTimeline/libs/kiss/src/_kiss_fft_guts.h; sourceTree = SOURCE_ROOT; };
		4DBDEF09258CBB7AFA529CFC /* ofxTLImageSequence.h */ = {isa = PBXFileReference; explicitFileType = sourcecode.c.h; fileEncoding = 30; name = ofxTLImageSequence.h; path = ../localAddons/ofxTimeline/src/ofxTLImageSequence.h; sourceTree = SOURCE_ROOT; };
		4DC10D3B543DE1CB1383800C /* ofxTLZoomer.cpp */ = {isa = PBXFileReference; explicitFileType = sourcecode.cpp.cpp; fileEncoding = 30; name = ofxTLZoomer.cpp; path = ../localAddons/ofxTimeline/src/ofxTLZoomer.cpp; sourceTree = SOURCE_ROOT; };
		50878346A64C3546112A60BF /* ofxTLTrack.h */ = {isa = PBXFileReference; explicitFileType = sourcecode.c.h; fileEncoding = 30; name = ofxTLTrack.h; path = ../localAddons/ofxTimeline/src/ofxTLTrack.h; sourceTree = SOURCE_ROOT; };
		50DF87D612C5AAE17AAFA6C0 /* ofxXmlSettings.cpp */ = {isa = PBXFileReference; explicitFileType = sourcecode.cpp.cpp; fileEncoding = 30; name = ofxXmlSettings.cpp; path = ../../../addons/ofxXmlSettings/src/ofxXmlSettings.cpp; sourceTree = SOURCE_ROOT; };
		51525BDF0C36B6CE9A43E369 /* ofxTLColors.cpp */ = {isa = PBXFileReference; explicitFileType = sourcecode.cpp.cpp; fileEncoding = 30; name = ofxTLColors.cpp; path = ../localAddons/ofxTimeline/src/ofxTLColors.cpp; sourceTree = SOURCE_ROOT; };
		52AFA1F08C420992CAAAE648 /* ofxSlider.h */ = {isa = PBXFileReference; explicitFileType = sourcecode.c.h; fileEncoding = 30; name = ofxSlider.h; path = ../../../addons/ofxGui/src/ofxSlider.h; sourceTree = SOURCE_ROOT; };
		5E6553BC70A08CFB442E5CCE /* ofOpenALSoundPlayer_TimelineAdditions.h */ = {isa = PBXFileReference; explicitFileType = sourcecode.c.h; fileEncoding = 30; name = ofOpenALSoundPlayer_TimelineAdditions.h; path = ../localAddons/ofxTimeline/libs/ofOpenALSoundPlayer_TimelineAdditions/src/ofOpenALSoundPlayer_TimelineAdditions.h; sourceTree = SOURCE_ROOT; };
		5E9E6513BEC36148928518B7 /* ofxEasingQuint.h */ = {isa = PBXFileReference; explicitFileType = sourcecode.c.h; fileEncoding = 30; name = ofxEasingQuint.h; path = ../../../addons/ofxTween/src/Easings/ofxEasingQuint.h; sourceTree = SOURCE_ROOT; };
		5FABA58C3070AF2F33E8C257 /* ofxEasingSine.cpp */ = {isa = PBXFileReference; explicitFileType = sourcecode.cpp.cpp; fileEncoding = 30; name = ofxEasingSine.cpp; path = ../../../addons/ofxTween/src/Easings/ofxEasingSine.cpp; sourceTree = SOURCE_ROOT; };
		649DA09CA8CED143628E7BE8 /* ofxTLKeyframes.cpp */ = {isa = PBXFileReference; explicitFileType = sourcecode.cpp.cpp; fileEncoding = 30; name = ofxTLKeyframes.cpp; path = ../localAddons/ofxTimeline/src/ofxTLKeyframes.cpp; sourceTree = SOURCE_ROOT; };
		65CD9917CC1CAEFF3F08E120 /* alext.h */ = {isa = PBXFileReference; explicitFileType = sourcecode.c.h; fileEncoding = 30; name = alext.h; path = ../localAddons/ofxTimeline/libs/openal/include/AL/alext.h; sourceTree = SOURCE_ROOT; };
		6DAAF8E5AB7911BCBC804BCF /* ofxTLKeyframes.h */ = {isa = PBXFileReference; explicitFileType = sourcecode.c.h; fileEncoding = 30; name = ofxTLKeyframes.h; path = ../localAddons/ofxTimeline/src/ofxTLKeyframes.h; sourceTree = SOURCE_ROOT; };
		6EE9CE034DD1C617993148F4 /* ofxTLImageSequenceFrame.cpp */ = {isa = PBXFileReference; explicitFileType = sourcecode.cpp.cpp; fileEncoding = 30; name = ofxTLImageSequenceFrame.cpp; path = ../localAddons/ofxTimeline/src/ofxTLImageSequenceFrame.cpp; sourceTree = SOURCE_ROOT; };
		70356F8F472702CBFF7778AE /* track.hpp */ = {isa = PBXFileReference; explicitFileType = sourcecode.c.h; fileEncoding = 30; name = track.hpp; path = src/track.hpp; sourceTree = SOURCE_ROOT; };
		7284A86462105366FB6A3E9B /* ofxTLTicker.cpp */ = {isa = PBXFileReference; explicitFileType = sourcecode.cpp.cpp; fileEncoding = 30; name = ofxTLTicker.cpp; path = ../localAddons/ofxTimeline/src/ofxTLTicker.cpp; sourceTree = SOURCE_ROOT; };
		734373889B2C7777002F6691 /* ofxTLZoomer.h */ = {isa = PBXFileReference; explicitFileType = sourcecode.c.h; fileEncoding = 30; name = ofxTLZoomer.h; path = ../localAddons/ofxTimeline/src/ofxTLZoomer.h; sourceTree = SOURCE_ROOT; };
		74743B9B4D5A4500B53BAA0D /* CAStreamBasicDescription.h */ = {isa = PBXFileReference; explicitFileType = sourcecode.c.h; fileEncoding = 30; name = CAStreamBasicDescription.h; path = ../localAddons/ofxAudioDecoder/libs/include/apple/CAStreamBasicDescription.h; sourceTree = SOURCE_ROOT; };
		7599804C6260EC1CD8D3567D /* ofxEasingLinear.h */ = {isa = PBXFileReference; explicitFileType = sourcecode.c.h; fileEncoding = 30; name = ofxEasingLinear.h; path = ../../../addons/ofxTween/src/Easings/ofxEasingLinear.h; sourceTree = SOURCE_ROOT; };
		7660DD2BE873BAD12E3A496D /* ofxEasingBack.cpp */ = {isa = PBXFileReference; explicitFileType = sourcecode.cpp.cpp; fileEncoding = 30; name = ofxEasingBack.cpp; path = ../../../addons/ofxTween/src/Easings/ofxEasingBack.cpp; sourceTree = SOURCE_ROOT; };
		767479279EBAC134D46E74E7 /* ofxEasingExpo.h */ = {isa = PBXFileReference; explicitFileType = sourcecode.c.h; fileEncoding = 30; name = ofxEasingExpo.h; path = ../../../addons/ofxTween/src/Easings/ofxEasingExpo.h; sourceTree = SOURCE_ROOT; };
		774209F06599F9E5AEB58A1E /* ofxTLSwitches.h */ = {isa = PBXFileReference; explicitFileType = sourcecode.c.h; fileEncoding = 30; name = ofxTLSwitches.h; path = ../localAddons/ofxTimeline/src/ofxTLSwitches.h; sourceTree = SOURCE_ROOT; };
		78D67A00EB899FAC09430597 /* ofxLabel.cpp */ = {isa = PBXFileReference; explicitFileType = sourcecode.cpp.cpp; fileEncoding = 30; name = ofxLabel.cpp; path = ../../../addons/ofxGui/src/ofxLabel.cpp; sourceTree = SOURCE_ROOT; };
		7912619B786F0238D22ED5F3 /* ofxEasingBack.h */ = {isa = PBXFileReference; explicitFileType = sourcecode.c.h; fileEncoding = 30; name = ofxEasingBack.h; path = ../../../addons/ofxTween/src/Easings/ofxEasingBack.h; sourceTree = SOURCE_ROOT; };
		7AE0FD0D7D3B7EED1A3B55C7 /* ofxTLPageTabs.cpp */ = {isa = PBXFileReference; explicitFileType = sourcecode.cpp.cpp; fileEncoding = 30; name = ofxTLPageTabs.cpp; path = ../localAddons/ofxTimeline/src/ofxTLPageTabs.cpp; sourceTree = SOURCE_ROOT; };
		7C8C675B822C63F2E78C0714 /* audiodecodercoreaudio.cpp */ = {isa = PBXFileReference; explicitFileType = sourcecode.cpp.cpp; fileEncoding = 30; name = audiodecodercoreaudio.cpp; path = ../localAddons/ofxAudioDecoder/libs/src/audiodecodercoreaudio.cpp; sourceTree = SOURCE_ROOT; };
		7FD7582EAD7EA1F11A971497 /* ofxTLVideoThumb.h */ = {isa = PBXFileReference; explicitFileType = sourcecode.c.h; fileEncoding = 30; name = ofxTLVideoThumb.h; path = ../localAddons/ofxTimeline/src/ofxTLVideoThumb.h; sourceTree = SOURCE_ROOT; };
		802251BAF1B35B1D67B32FD0 /* ofxSliderGroup.cpp */ = {isa = PBXFileReference; explicitFileType = sourcecode.cpp.cpp; fileEncoding = 30; name = ofxSliderGroup.cpp; path = ../../../addons/ofxGui/src/ofxSliderGroup.cpp; sourceTree = SOURCE_ROOT; };
		832BDC407620CDBA568B713D /* tinyxmlerror.cpp */ = {isa = PBXFileReference; explicitFileType = sourcecode.cpp.cpp; fileEncoding = 30; name = tinyxmlerror.cpp; path = ../../../addons/ofxXmlSettings/libs/tinyxmlerror.cpp; sourceTree = SOURCE_ROOT; };
		858C998C485B9AF0CF4CEB50 /* ofxTLFlags.h */ = {isa = PBXFileReference; explicitFileType = sourcecode.c.h; fileEncoding = 30; name = ofxTLFlags.h; path = ../localAddons/ofxTimeline/src/ofxTLFlags.h; sourceTree = SOURCE_ROOT; };
		85CEDE05781F3579A72E4B85 /* ofxTLPageTabs.h */ = {isa = PBXFileReference; explicitFileType = sourcecode.c.h; fileEncoding = 30; name = ofxTLPageTabs.h; path = ../localAddons/ofxTimeline/src/ofxTLPageTabs.h; sourceTree = SOURCE_ROOT; };
		877C7A8E31FB7330D7A9B9EC /* ofxRemoveCocoaMenu.h */ = {isa = PBXFileReference; explicitFileType = sourcecode.c.h; fileEncoding = 30; name = ofxRemoveCocoaMenu.h; path = ../localAddons/ofxTimeline/src/ofxRemoveCocoaMenu.h; sourceTree = SOURCE_ROOT; };
		87F26B4B24CBD428AD9EEBAA /* ofxBaseGui.h */ = {isa = PBXFileReference; explicitFileType = sourcecode.c.h; fileEncoding = 30; name = ofxBaseGui.h; path = ../../../addons/ofxGui/src/ofxBaseGui.h; sourceTree = SOURCE_ROOT; };
		882494DB324414B7B31DB11C /* ofxEasingQuart.cpp */ = {isa = PBXFileReference; explicitFileType = sourcecode.cpp.cpp; fileEncoding = 30; name = ofxEasingQuart.cpp; path = ../../../addons/ofxTween/src/Easings/ofxEasingQuart.cpp; sourceTree = SOURCE_ROOT; };
		89449E3044D456F7DE7BEA14 /* ofxPanel.h */ = {isa = PBXFileReference; explicitFileType = sourcecode.c.h; fileEncoding = 30; name = ofxPanel.h; path = ../../../addons/ofxGui/src/ofxPanel.h; sourceTree = SOURCE_ROOT; };
		89D4721299EC186810718E4E /* ofxAudioDecoder.h */ = {isa = PBXFileReference; explicitFileType = sourcecode.c.h; fileEncoding = 30; name = ofxAudioDecoder.h; path = ../localAddons/ofxAudioDecoder/src/ofxAudioDecoder.h; sourceTree = SOURCE_ROOT; };
		8C11D76E4301CF26DAFDE691 /* ofxHotKeys_impl_win.cpp */ = {isa = PBXFileReference; explicitFileType = sourcecode.cpp.cpp; fileEncoding = 30; name = ofxHotKeys_impl_win.cpp; path = ../localAddons/ofxTimeline/src/ofxHotKeys_impl_win.cpp; sourceTree = SOURCE_ROOT; };
		907C5B5E104864A2D3A25745 /* ofxToggle.cpp */ = {isa = PBXFileReference; explicitFileType = sourcecode.cpp.cpp; fileEncoding = 30; name = ofxToggle.cpp; path = ../../../addons/ofxGui/src/ofxToggle.cpp; sourceTree = SOURCE_ROOT; };
		95C5241B62F5D1F0FE6C067B /* ofxTimecode.h */ = {isa = PBXFileReference; explicitFileType = sourcecode.c.h; fileEncoding = 30; name = ofxTimecode.h; path = ../../../addons/ofxTimecode/src/ofxTimecode.h; sourceTree = SOURCE_ROOT; };
		9604B925D32EE39065747725 /* ofxBaseGui.cpp */ = {isa = PBXFileReference; explicitFileType = sourcecode.cpp.cpp; fileEncoding = 30; name = ofxBaseGui.cpp; path = ../../../addons/ofxGui/src/ofxBaseGui.cpp; sourceTree = SOURCE_ROOT; };
		9A4CFDCEA412E8BCDACA9B26 /* ofxEasingLinear.cpp */ = {isa = PBXFileReference; explicitFileType = sourcecode.cpp.cpp; fileEncoding = 30; name = ofxEasingLinear.cpp; path = ../../../addons/ofxTween/src/Easings/ofxEasingLinear.cpp; sourceTree = SOURCE_ROOT; };
		9AAEF50558BBDBEB5260FC35 /* easing_terms_of_use.html */ = {isa = PBXFileReference; explicitFileType = file; fileEncoding = 30; name = easing_terms_of_use.html; path = ../../../addons/ofxTween/src/Easings/easing_terms_of_use.html; sourceTree = SOURCE_ROOT; };
		9BA3516E1A21B15ADCE9DF5A /* ofxTLCameraTrack.h */ = {isa = PBXFileReference; explicitFileType = sourcecode.c.h; fileEncoding = 30; name = ofxTLCameraTrack.h; path = ../localAddons/ofxTimeline/src/ofxTLCameraTrack.h; sourceTree = SOURCE_ROOT; };
		9CCD54C3293E72CD0B91E842 /* kiss_fftr.h */ = {isa = PBXFileReference; explicitFileType = sourcecode.c.h; fileEncoding = 30; name = kiss_fftr.h; path = ../localAddons/ofxTimeline/libs/kiss/include/kiss_fftr.h; sourceTree = SOURCE_ROOT; };
		9D8CB3CC2B9307085C34B9C7 /* efx.h */ = {isa = PBXFileReference; explicitFileType = sourcecode.c.h; fileEncoding = 30; name = efx.h; path = ../localAddons/ofxTimeline/libs/openal/include/AL/efx.h; sourceTree = SOURCE_ROOT; };
		A04F734EFC44CC25A17FA0D1 /* audiodecodercoreaudio.h */ = {isa = PBXFileReference; explicitFileType = sourcecode.c.h; fileEncoding = 30; name = audiodecodercoreaudio.h; path = ../localAddons/ofxAudioDecoder/libs/include/audiodecodercoreaudio.h; sourceTree = SOURCE_ROOT; };
		A19B27A979DF099630EEEAAB /* efx-presets.h */ = {isa = PBXFileReference; explicitFileType = sourcecode.c.h; fileEncoding = 30; name = "efx-presets.h"; path = "../localAddons/ofxTimeline/libs/openal/include/AL/efx-presets.h"; sourceTree = SOURCE_ROOT; };
		A26C4A6254126C99F0A65354 /* ofxEasingElastic.cpp */ = {isa = PBXFileReference; explicitFileType = sourcecode.cpp.cpp; fileEncoding = 30; name = ofxEasingElastic.cpp; path = ../../../addons/ofxTween/src/Easings/ofxEasingElastic.cpp; sourceTree = SOURCE_ROOT; };
		A270F89A94BD5D6E384CC0CC /* ofxTLImageTrack.h */ = {isa = PBXFileReference; explicitFileType = sourcecode.c.h; fileEncoding = 30; name = ofxTLImageTrack.h; path = ../localAddons/ofxTimeline/src/ofxTLImageTrack.h; sourceTree = SOURCE_ROOT; };
		A407795C09AD02EDB4200D22 /* ofxHotKeys_impl_mac.mm */ = {isa = PBXFileReference; explicitFileType = sourcecode.cpp.objcpp; fileEncoding = 30; name = ofxHotKeys_impl_mac.mm; path = ../localAddons/ofxTimeline/src/ofxHotKeys_impl_mac.mm; sourceTree = SOURCE_ROOT; };
		A4973CEF438C8931B5E03E0A /* ofxEasingCirc.cpp */ = {isa = PBXFileReference; explicitFileType = sourcecode.cpp.cpp; fileEncoding = 30; name = ofxEasingCirc.cpp; path = ../../../addons/ofxTween/src/Easings/ofxEasingCirc.cpp; sourceTree = SOURCE_ROOT; };
		A9DF02FC3CB5DF7AF76ACF26 /* audiodecoderbase.cpp */ = {isa = PBXFileReference; explicitFileType = sourcecode.cpp.cpp; fileEncoding = 30; name = audiodecoderbase.cpp; path = ../localAddons/ofxAudioDecoder/libs/src/audiodecoderbase.cpp; sourceTree = SOURCE_ROOT; };
		A9FE46C20E767B29C5997AD3 /* ofxEasingBounce.h */ = {isa = PBXFileReference; explicitFileType = sourcecode.c.h; fileEncoding = 30; name = ofxEasingBounce.h; path = ../../../addons/ofxTween/src/Easings/ofxEasingBounce.h; sourceTree = SOURCE_ROOT; };
		AC5DDD8BBD12E8E173E4AE81 /* ofxTextInputField.h */ = {isa = PBXFileReference; explicitFileType = sourcecode.c.h; fileEncoding = 30; name = ofxTextInputField.h; path = ../../../addons/ofxTextInputField/src/ofxTextInputField.h; sourceTree = SOURCE_ROOT; };
		AF17EB492DB2858A0EBD94CD /* ofxEasingCirc.h */ = {isa = PBXFileReference; explicitFileType = sourcecode.c.h; fileEncoding = 30; name = ofxEasingCirc.h; path = ../../../addons/ofxTween/src/Easings/ofxEasingCirc.h; sourceTree = SOURCE_ROOT; };
		B02B9900CA26DA53964BB13E /* ofxTLEmptyTrack.cpp */ = {isa = PBXFileReference; explicitFileType = sourcecode.cpp.cpp; fileEncoding = 30; name = ofxTLEmptyTrack.cpp; path = ../localAddons/ofxTimeline/src/ofxTLEmptyTrack.cpp; sourceTree = SOURCE_ROOT; };
		B07C508E7717E6C892502ADF /* ofxEasingQuad.h */ = {isa = PBXFileReference; explicitFileType = sourcecode.c.h; fileEncoding = 30; name = ofxEasingQuad.h; path = ../../../addons/ofxTween/src/Easings/ofxEasingQuad.h; sourceTree = SOURCE_ROOT; };
		B0ECD80442B92F7983907CCE /* ofxTLLFO.cpp */ = {isa = PBXFileReference; explicitFileType = sourcecode.cpp.cpp; fileEncoding = 30; name = ofxTLLFO.cpp; path = ../localAddons/ofxTimeline/src/ofxTLLFO.cpp; sourceTree = SOURCE_ROOT; };
		B21E7E5F548EEA92F368040B /* tinyxml.h */ = {isa = PBXFileReference; explicitFileType = sourcecode.c.h; fileEncoding = 30; name = tinyxml.h; path = ../../../addons/ofxXmlSettings/libs/tinyxml.h; sourceTree = SOURCE_ROOT; };
		B4EBE6922DE4DCB97639B65F /* ofxMSATimer.cpp */ = {isa = PBXFileReference; explicitFileType = sourcecode.cpp.cpp; fileEncoding = 30; name = ofxMSATimer.cpp; path = ../../../addons/ofxMSATimer/src/ofxMSATimer.cpp; sourceTree = SOURCE_ROOT; };
		B788152C3FE538E700D063C7 /* ofxEasingCubic.h */ = {isa = PBXFileReference; explicitFileType = sourcecode.c.h; fileEncoding = 30; name = ofxEasingCubic.h; path = ../../../addons/ofxTween/src/Easings/ofxEasingCubic.h; sourceTree = SOURCE_ROOT; };
		B87C60311EC1FE841C1ECD89 /* ofxLabel.h */ = {isa = PBXFileReference; explicitFileType = sourcecode.c.h; fileEncoding = 30; name = ofxLabel.h; path = ../../../addons/ofxGui/src/ofxLabel.h; sourceTree = SOURCE_ROOT; };
		B9E1DB01BD6701283FC87946 /* ofxEasingQuad.cpp */ = {isa = PBXFileReference; explicitFileType = sourcecode.cpp.cpp; fileEncoding = 30; name = ofxEasingQuad.cpp; path = ../../../addons/ofxTween/src/Easings/ofxEasingQuad.cpp; sourceTree = SOURCE_ROOT; };
		BA695FD107E851CA5F1CCCAD /* ofxTLColorTrack.h */ = {isa = PBXFileReference; explicitFileType = sourcecode.c.h; fileEncoding = 30; name = ofxTLColorTrack.h; path = ../localAddons/ofxTimeline/src/ofxTLColorTrack.h; sourceTree = SOURCE_ROOT; };
		BCB6A6D9093FF11EE0D7D470 /* ofxTextInputField.cpp */ = {isa = PBXFileReference; explicitFileType = sourcecode.cpp.cpp; fileEncoding = 30; name = ofxTextInputField.cpp; path = ../../../addons/ofxTextInputField/src/ofxTextInputField.cpp; sourceTree = SOURCE_ROOT; };
		BCC5B5DBD0A33BF9224A1779 /* alc.h */ = {isa = PBXFileReference; explicitFileType = sourcecode.c.h; fileEncoding = 30; name = alc.h; path = ../localAddons/ofxTimeline/libs/openal/include/AL/alc.h; sourceTree = SOURCE_ROOT; };
		BF2A1B94E11FCD0BFD89091B /* ofxRemoveCocoaMenu.mm */ = {isa = PBXFileReference; explicitFileType = sourcecode.cpp.objcpp; fileEncoding = 30; name = ofxRemoveCocoaMenu.mm; path = ../localAddons/ofxTimeline/src/ofxRemoveCocoaMenu.mm; sourceTree = SOURCE_ROOT; };
		C14AD05251023EAFAA9AA7B4 /* ofxTLInOut.h */ = {isa = PBXFileReference; explicitFileType = sourcecode.c.h; fileEncoding = 30; name = ofxTLInOut.h; path = ../localAddons/ofxTimeline/src/ofxTLInOut.h; sourceTree = SOURCE_ROOT; };
		C677141487F23D2AAF62BC72 /* ofxTLVideoThumb.cpp */ = {isa = PBXFileReference; explicitFileType = sourcecode.cpp.cpp; fileEncoding = 30; name = ofxTLVideoThumb.cpp; path = ../localAddons/ofxTimeline/src/ofxTLVideoThumb.cpp; sourceTree = SOURCE_ROOT; };
		C70D8946940288799E82131E /* ofxSliderGroup.h */ = {isa = PBXFileReference; explicitFileType = sourcecode.c.h; fileEncoding = 30; name = ofxSliderGroup.h; path = ../../../addons/ofxGui/src/ofxSliderGroup.h; sourceTree = SOURCE_ROOT; };
		C85ECC6D71814AA798260527 /* ofxTLVideoTrack.cpp */ = {isa = PBXFileReference; explicitFileType = sourcecode.cpp.cpp; fileEncoding = 30; name = ofxTLVideoTrack.cpp; path = ../localAddons/ofxTimeline/src/ofxTLVideoTrack.cpp; sourceTree = SOURCE_ROOT; };
		C88333E71C9457E441C33474 /* ofxButton.cpp */ = {isa = PBXFileReference; explicitFileType = sourcecode.cpp.cpp; fileEncoding = 30; name = ofxButton.cpp; path = ../../../addons/ofxGui/src/ofxButton.cpp; sourceTree = SOURCE_ROOT; };
		CBC7BD5A80982CD0E4E9946C /* ofxTLEmptyKeyframes.h */ = {isa = PBXFileReference; explicitFileType = sourcecode.c.h; fileEncoding = 30; name = ofxTLEmptyKeyframes.h; path = ../localAddons/ofxTimeline/src/ofxTLEmptyKeyframes.h; sourceTree = SOURCE_ROOT; };
		CD4CE2CDAC02B50F31756876 /* ofxTLBangs.h */ = {isa = PBXFileReference; explicitFileType = sourcecode.c.h; fileEncoding = 30; name = ofxTLBangs.h; path = ../localAddons/ofxTimeline/src/ofxTLBangs.h; sourceTree = SOURCE_ROOT; };
		CF4F3B7BBFCD33589A3B3F96 /* ofxTLAudioTrack.h */ = {isa = PBXFileReference; explicitFileType = sourcecode.c.h; fileEncoding = 30; name = ofxTLAudioTrack.h; path = ../localAddons/ofxTimeline/src/ofxTLAudioTrack.h; sourceTree = SOURCE_ROOT; };
		D02C1567373D9ED5E80E141F /* sndfile.h */ = {isa = PBXFileReference; explicitFileType = sourcecode.c.h; fileEncoding = 30; name = sndfile.h; path = ../localAddons/ofxTimeline/libs/sndfile/include/sndfile.h; sourceTree = SOURCE_ROOT; };
		D185F84FE114EE253DAF9E77 /* ofxTLImageTrack.cpp */ = {isa = PBXFileReference; explicitFileType = sourcecode.cpp.cpp; fileEncoding = 30; name = ofxTLImageTrack.cpp; path = ../localAddons/ofxTimeline/src/ofxTLImageTrack.cpp; sourceTree = SOURCE_ROOT; };
		D1A051BE7A7557A97CE7B91B /* CADebugMacros.h */ = {isa = PBXFileReference; explicitFileType = sourcecode.c.h; fileEncoding = 30; name = CADebugMacros.h; path = ../localAddons/ofxAudioDecoder/libs/include/apple/CADebugMacros.h; sourceTree = SOURCE_ROOT; };
		D29C62D651F5B18617109998 /* ofxTLEvents.h */ = {isa = PBXFileReference; explicitFileType = sourcecode.c.h; fileEncoding = 30; name = ofxTLEvents.h; path = ../localAddons/ofxTimeline/src/ofxTLEvents.h; sourceTree = SOURCE_ROOT; };
		D45D0A1968E4C7470665330B /* ofxTLImageSequence.cpp */ = {isa = PBXFileReference; explicitFileType = sourcecode.cpp.cpp; fileEncoding = 30; name = ofxTLImageSequence.cpp; path = ../localAddons/ofxTimeline/src/ofxTLImageSequence.cpp; sourceTree = SOURCE_ROOT; };
		D6825BCC326432CACBD48CF8 /* ofxTLCameraTrack.cpp */ = {isa = PBXFileReference; explicitFileType = sourcecode.cpp.cpp; fileEncoding = 30; name = ofxTLCameraTrack.cpp; path = ../localAddons/ofxTimeline/src/ofxTLCameraTrack.cpp; sourceTree = SOURCE_ROOT; };
		D9882C87EDC438B97F534F28 /* ofxTimecode.cpp */ = {isa = PBXFileReference; explicitFileType = sourcecode.cpp.cpp; fileEncoding = 30; name = ofxTimecode.cpp; path = ../../../addons/ofxTimecode/src/ofxTimecode.cpp; sourceTree = SOURCE_ROOT; };
		DAEACE6DF956186B042810B9 /* ofxTLEmptyTrack.h */ = {isa = PBXFileReference; explicitFileType = sourcecode.c.h; fileEncoding = 30; name = ofxTLEmptyTrack.h; path = ../localAddons/ofxTimeline/src/ofxTLEmptyTrack.h; sourceTree = SOURCE_ROOT; };
		DB32AF0E50BA0A2EA1D38557 /* ofxTLCurves.h */ = {isa = PBXFileReference; explicitFileType = sourcecode.c.h; fileEncoding = 30; name = ofxTLCurves.h; path = ../localAddons/ofxTimeline/src/ofxTLCurves.h; sourceTree = SOURCE_ROOT; };
		DB4F774DB137B506D23EA559 /* ofxTLLFO.h */ = {isa = PBXFileReference; explicitFileType = sourcecode.c.h; fileEncoding = 30; name = ofxTLLFO.h; path = ../localAddons/ofxTimeline/src/ofxTLLFO.h; sourceTree = SOURCE_ROOT; };
		DD476420FBC881796F865BB5 /* ofxEasingSine.h */ = {isa = PBXFileReference; explicitFileType = sourcecode.c.h; fileEncoding = 30; name = ofxEasingSine.h; path = ../../../addons/ofxTween/src/Easings/ofxEasingSine.h; sourceTree = SOURCE_ROOT; };
		E028B134EB601018AF3FB0FF /* ofxAudioDecoder.cpp */ = {isa = PBXFileReference; explicitFileType = sourcecode.cpp.cpp; fileEncoding = 30; name = ofxAudioDecoder.cpp; path = ../localAddons/ofxAudioDecoder/src/ofxAudioDecoder.cpp; sourceTree = SOURCE_ROOT; };
		E112B3AEBEA2C091BF2B40AE /* ofxPanel.cpp */ = {isa = PBXFileReference; explicitFileType = sourcecode.cpp.cpp; fileEncoding = 30; name = ofxPanel.cpp; path = ../../../addons/ofxGui/src/ofxPanel.cpp; sourceTree = SOURCE_ROOT; };
		E4328143138ABC890047C5CB /* openFrameworksLib.xcodeproj */ = {isa = PBXFileReference; lastKnownFileType = "wrapper.pb-project"; name = openFrameworksLib.xcodeproj; path = ../../../libs/openFrameworksCompiled/project/osx/openFrameworksLib.xcodeproj; sourceTree = SOURCE_ROOT; };
		E45AB0B5610A35463A94EB94 /* kiss_fft.h */ = {isa = PBXFileReference; explicitFileType = sourcecode.c.h; fileEncoding = 30; name = kiss_fft.h; path = ../localAddons/ofxTimeline/libs/kiss/include/kiss_fft.h; sourceTree = SOURCE_ROOT; };
		E4B69B5B0A3A1756003C02F2 /* timelineTrackerDebug.app */ = {isa = PBXFileReference; explicitFileType = wrapper.application; includeInIndex = 0; path = timelineTrackerDebug.app; sourceTree = BUILT_PRODUCTS_DIR; };
		E4B69E1D0A3A1BDC003C02F2 /* main.cpp */ = {isa = PBXFileReference; fileEncoding = 30; lastKnownFileType = sourcecode.cpp.cpp; name = main.cpp; path = src/main.cpp; sourceTree = SOURCE_ROOT; };
		E4B69E1E0A3A1BDC003C02F2 /* ofApp.cpp */ = {isa = PBXFileReference; explicitFileType = sourcecode.cpp.cpp; fileEncoding = 30; name = ofApp.cpp; path = src/ofApp.cpp; sourceTree = SOURCE_ROOT; };
		E4B69E1F0A3A1BDC003C02F2 /* ofApp.h */ = {isa = PBXFileReference; fileEncoding = 30; lastKnownFileType = sourcecode.c.h; name = ofApp.h; path = src/ofApp.h; sourceTree = SOURCE_ROOT; };
		E4B6FCAD0C3E899E008CF71C /* openFrameworks-Info.plist */ = {isa = PBXFileReference; fileEncoding = 30; lastKnownFileType = text.plist.xml; path = "openFrameworks-Info.plist"; sourceTree = "<group>"; };
		E4EB691F138AFCF100A09F29 /* CoreOF.xcconfig */ = {isa = PBXFileReference; fileEncoding = 4; lastKnownFileType = text.xcconfig; name = CoreOF.xcconfig; path = ../../../libs/openFrameworksCompiled/project/osx/CoreOF.xcconfig; sourceTree = SOURCE_ROOT; };
		E4EB6923138AFD0F00A09F29 /* Project.xcconfig */ = {isa = PBXFileReference; fileEncoding = 4; lastKnownFileType = text.xcconfig; path = Project.xcconfig; sourceTree = "<group>"; };
		E664B1C961F5399C355B24A9 /* ofxTLSwitches.cpp */ = {isa = PBXFileReference; explicitFileType = sourcecode.cpp.cpp; fileEncoding = 30; name = ofxTLSwitches.cpp; path = ../localAddons/ofxTimeline/src/ofxTLSwitches.cpp; sourceTree = SOURCE_ROOT; };
		EBAE298D5B866250FD1128E4 /* ofxTLPage.cpp */ = {isa = PBXFileReference; explicitFileType = sourcecode.cpp.cpp; fileEncoding = 30; name = ofxTLPage.cpp; path = ../localAddons/ofxTimeline/src/ofxTLPage.cpp; sourceTree = SOURCE_ROOT; };
		ECF8674C7975F1063C5E30CA /* ofxGuiGroup.cpp */ = {isa = PBXFileReference; explicitFileType = sourcecode.cpp.cpp; fileEncoding = 30; name = ofxGuiGroup.cpp; path = ../../../addons/ofxGui/src/ofxGuiGroup.cpp; sourceTree = SOURCE_ROOT; };
		EDBF7A27FE48D2075BBED1C9 /* ofxHotKeys.h */ = {isa = PBXFileReference; explicitFileType = sourcecode.c.h; fileEncoding = 30; name = ofxHotKeys.h; path = ../localAddons/ofxTimeline/src/ofxHotKeys.h; sourceTree = SOURCE_ROOT; };
		EFD4C83D28982D7C05454D00 /* al.h */ = {isa = PBXFileReference; explicitFileType = sourcecode.c.h; fileEncoding = 30; name = al.h; path = ../localAddons/ofxTimeline/libs/openal/include/AL/al.h; sourceTree = SOURCE_ROOT; };
		F050DA7F048519A0762011A5 /* track.cpp */ = {isa = PBXFileReference; explicitFileType = sourcecode.cpp.cpp; fileEncoding = 30; name = track.cpp; path = src/track.cpp; sourceTree = SOURCE_ROOT; };
		F1DEE0C2AB43CAFA541843B3 /* audiodecoder.h */ = {isa = PBXFileReference; explicitFileType = sourcecode.c.h; fileEncoding = 30; name = audiodecoder.h; path = ../localAddons/ofxAudioDecoder/libs/include/audiodecoder.h; sourceTree = SOURCE_ROOT; };
		F55B30EFA2259DC5746F8FCF /* ofxTimeline.cpp */ = {isa = PBXFileReference; explicitFileType = sourcecode.cpp.cpp; fileEncoding = 30; name = ofxTimeline.cpp; path = ../localAddons/ofxTimeline/src/ofxTimeline.cpp; sourceTree = SOURCE_ROOT; };
		F5EA686FBFE3DC58D839F335 /* ofxTLFlags.cpp */ = {isa = PBXFileReference; explicitFileType = sourcecode.cpp.cpp; fileEncoding = 30; name = ofxTLFlags.cpp; path = ../localAddons/ofxTimeline/src/ofxTLFlags.cpp; sourceTree = SOURCE_ROOT; };
		FB8A50F8A34037BCD5DC10D0 /* ofxEasingQuint.cpp */ = {isa = PBXFileReference; explicitFileType = sourcecode.cpp.cpp; fileEncoding = 30; name = ofxEasingQuint.cpp; path = ../../../addons/ofxTween/src/Easings/ofxEasingQuint.cpp; sourceTree = SOURCE_ROOT; };
		FBB0C1622ADC7356616CA341 /* ofxTLTrackHeader.h */ = {isa = PBXFileReference; explicitFileType = sourcecode.c.h; fileEncoding = 30; name = ofxTLTrackHeader.h; path = ../localAddons/ofxTimeline/src/ofxTLTrackHeader.h; sourceTree = SOURCE_ROOT; };
		FC5DA1C87211D4F6377DA719 /* tinyxmlparser.cpp */ = {isa = PBXFileReference; explicitFileType = sourcecode.cpp.cpp; fileEncoding = 30; name = tinyxmlparser.cpp; path = ../../../addons/ofxXmlSettings/libs/tinyxmlparser.cpp; sourceTree = SOURCE_ROOT; };
		FC9B34C5CB5B0ACAFF02ED20 /* ofxEasing.h */ = {isa = PBXFileReference; explicitFileType = sourcecode.c.h; fileEncoding = 30; name = ofxEasing.h; path = ../../../addons/ofxTween/src/Easings/ofxEasing.h; sourceTree = SOURCE_ROOT; };
		FE4DB52D544B8C725E615958 /* ofxEasingElastic.h */ = {isa = PBXFileReference; explicitFileType = sourcecode.c.h; fileEncoding = 30; name = ofxEasingElastic.h; path = ../../../addons/ofxTween/src/Easings/ofxEasingElastic.h; sourceTree = SOURCE_ROOT; };
/* End PBXFileReference section */

/* Begin PBXFrameworksBuildPhase section */
		E4B69B590A3A1756003C02F2 /* Frameworks */ = {
			isa = PBXFrameworksBuildPhase;
			buildActionMask = 2147483647;
			files = (
				E4328149138ABC9F0047C5CB /* openFrameworksDebug.a in Frameworks */,
			);
			runOnlyForDeploymentPostprocessing = 0;
		};
/* End PBXFrameworksBuildPhase section */

/* Begin PBXGroup section */
		0C5C622F57A61B1ABDFAF9E4 /* ofxAudioDecoder */ = {
			isa = PBXGroup;
			children = (
				DD9791708E7B9C17BE3E0701 /* src */,
				CFF91A3B7B9C8C4A51ACB082 /* libs */,
			);
			name = ofxAudioDecoder;
			sourceTree = "<group>";
		};
		16903B2AA8F8967C9ED6C37E /* include */ = {
			isa = PBXGroup;
			children = (
				E45AB0B5610A35463A94EB94 /* kiss_fft.h */,
				9CCD54C3293E72CD0B91E842 /* kiss_fftr.h */,
			);
			name = include;
			sourceTree = "<group>";
		};
		1F293A20D2B096D59C4F24DD /* ofxTween */ = {
			isa = PBXGroup;
			children = (
				81B62DB6C371DAD643503FEF /* src */,
			);
			name = ofxTween;
			sourceTree = "<group>";
		};
		1F4FB5C423662B96ADFDCC0B /* ofxXmlSettings */ = {
			isa = PBXGroup;
			children = (
				6ECEF0D76BC33727823EADFF /* src */,
				6E54289412D2D94F45A05113 /* libs */,
			);
			name = ofxXmlSettings;
			sourceTree = "<group>";
		};
		3064BD0F1F815DF42582133F /* kiss */ = {
			isa = PBXGroup;
			children = (
				16903B2AA8F8967C9ED6C37E /* include */,
				A3D9470D065D2E336257E7C9 /* src */,
			);
			name = kiss;
			sourceTree = "<group>";
		};
		383F5DA13984616221FE4314 /* ofOpenALSoundPlayer_TimelineAdditions */ = {
			isa = PBXGroup;
			children = (
				F736952A2CB8307637E6C143 /* src */,
			);
			name = ofOpenALSoundPlayer_TimelineAdditions;
			sourceTree = "<group>";
		};
		3BE2A7524D710C57C2F2DF7A /* src */ = {
			isa = PBXGroup;
			children = (
				EDBF7A27FE48D2075BBED1C9 /* ofxHotKeys.h */,
				25541384127C2C6A617827B3 /* ofxHotKeys_impl_linux.cpp */,
				A407795C09AD02EDB4200D22 /* ofxHotKeys_impl_mac.mm */,
				8C11D76E4301CF26DAFDE691 /* ofxHotKeys_impl_win.cpp */,
				877C7A8E31FB7330D7A9B9EC /* ofxRemoveCocoaMenu.h */,
				BF2A1B94E11FCD0BFD89091B /* ofxRemoveCocoaMenu.mm */,
				F55B30EFA2259DC5746F8FCF /* ofxTimeline.cpp */,
				17D23303DBE5EDD5BFAE400D /* ofxTimeline.h */,
				199ED7BD272B34B3FC3D42D4 /* ofxTLAudioTrack.cpp */,
				CF4F3B7BBFCD33589A3B3F96 /* ofxTLAudioTrack.h */,
				1B71A09D407E816045271D62 /* ofxTLBangs.cpp */,
				CD4CE2CDAC02B50F31756876 /* ofxTLBangs.h */,
				D6825BCC326432CACBD48CF8 /* ofxTLCameraTrack.cpp */,
				9BA3516E1A21B15ADCE9DF5A /* ofxTLCameraTrack.h */,
				51525BDF0C36B6CE9A43E369 /* ofxTLColors.cpp */,
				40E7B849EFAA95D01B86026D /* ofxTLColors.h */,
				3F3BA3F2EC760EBDB82382A4 /* ofxTLColorTrack.cpp */,
				BA695FD107E851CA5F1CCCAD /* ofxTLColorTrack.h */,
				137AA72E406DA6DBEE08885D /* ofxTLCurves.cpp */,
				DB32AF0E50BA0A2EA1D38557 /* ofxTLCurves.h */,
				2C19A312AF70ECB54EF0D86D /* ofxTLEmptyKeyframes.cpp */,
				CBC7BD5A80982CD0E4E9946C /* ofxTLEmptyKeyframes.h */,
				B02B9900CA26DA53964BB13E /* ofxTLEmptyTrack.cpp */,
				DAEACE6DF956186B042810B9 /* ofxTLEmptyTrack.h */,
				D29C62D651F5B18617109998 /* ofxTLEvents.h */,
				F5EA686FBFE3DC58D839F335 /* ofxTLFlags.cpp */,
				858C998C485B9AF0CF4CEB50 /* ofxTLFlags.h */,
				D45D0A1968E4C7470665330B /* ofxTLImageSequence.cpp */,
				4DBDEF09258CBB7AFA529CFC /* ofxTLImageSequence.h */,
				6EE9CE034DD1C617993148F4 /* ofxTLImageSequenceFrame.cpp */,
				349DFFFBE8DB6097D294429D /* ofxTLImageSequenceFrame.h */,
				D185F84FE114EE253DAF9E77 /* ofxTLImageTrack.cpp */,
				A270F89A94BD5D6E384CC0CC /* ofxTLImageTrack.h */,
				42CF2985B047B1E350A3B6FF /* ofxTLInOut.cpp */,
				C14AD05251023EAFAA9AA7B4 /* ofxTLInOut.h */,
				649DA09CA8CED143628E7BE8 /* ofxTLKeyframes.cpp */,
				6DAAF8E5AB7911BCBC804BCF /* ofxTLKeyframes.h */,
				B0ECD80442B92F7983907CCE /* ofxTLLFO.cpp */,
				DB4F774DB137B506D23EA559 /* ofxTLLFO.h */,
				EBAE298D5B866250FD1128E4 /* ofxTLPage.cpp */,
				1853A1BA0971A31B87786472 /* ofxTLPage.h */,
				7AE0FD0D7D3B7EED1A3B55C7 /* ofxTLPageTabs.cpp */,
				85CEDE05781F3579A72E4B85 /* ofxTLPageTabs.h */,
				E664B1C961F5399C355B24A9 /* ofxTLSwitches.cpp */,
				774209F06599F9E5AEB58A1E /* ofxTLSwitches.h */,
				7284A86462105366FB6A3E9B /* ofxTLTicker.cpp */,
				1416D687E4A89CC832237989 /* ofxTLTicker.h */,
				20CC57B52AB911A1A42AB88A /* ofxTLTrack.cpp */,
				50878346A64C3546112A60BF /* ofxTLTrack.h */,
				31CE76313F646648B3E07379 /* ofxTLTrackHeader.cpp */,
				FBB0C1622ADC7356616CA341 /* ofxTLTrackHeader.h */,
				C677141487F23D2AAF62BC72 /* ofxTLVideoThumb.cpp */,
				7FD7582EAD7EA1F11A971497 /* ofxTLVideoThumb.h */,
				C85ECC6D71814AA798260527 /* ofxTLVideoTrack.cpp */,
				3183269A31718BBAD2BE84F9 /* ofxTLVideoTrack.h */,
				4DC10D3B543DE1CB1383800C /* ofxTLZoomer.cpp */,
				734373889B2C7777002F6691 /* ofxTLZoomer.h */,
			);
			name = src;
			sourceTree = "<group>";
		};
		45AC52DF7C0E3B8FD76DE1C3 /* include */ = {
			isa = PBXGroup;
			children = (
				D02C1567373D9ED5E80E141F /* sndfile.h */,
			);
			name = include;
			sourceTree = "<group>";
		};
		480A780D8D0308AE4A368801 /* ofxGui */ = {
			isa = PBXGroup;
			children = (
				A763ED608B35AE3310251DEE /* src */,
			);
			name = ofxGui;
			sourceTree = "<group>";
		};
		5097AB75B27636CB30ABDDB2 /* include */ = {
			isa = PBXGroup;
			children = (
				8831A2D3879FF387BDFC7FBE /* apple */,
				F1DEE0C2AB43CAFA541843B3 /* audiodecoder.h */,
				32A4CFB3C035648B6650503E /* audiodecoderbase.h */,
				A04F734EFC44CC25A17FA0D1 /* audiodecodercoreaudio.h */,
			);
			name = include;
			sourceTree = "<group>";
		};
		54FAB23E8F0B7D1FD8DFE660 /* include */ = {
			isa = PBXGroup;
			children = (
				9BE4ED45DA012F3931CC1FD7 /* AL */,
			);
			name = include;
			sourceTree = "<group>";
		};
		5D5C0AE687AC481A1CA3E1C2 /* ofxMSATimer */ = {
			isa = PBXGroup;
			children = (
				B0520B7D20D3F978FD735878 /* src */,
			);
			name = ofxMSATimer;
			sourceTree = "<group>";
		};
		6948EE371B920CB800B5AC1A /* local_addons */ = {
			isa = PBXGroup;
			children = (
				EC67DB3B35AA4AE28E1DAADC /* ofxTimeline */,
				0C5C622F57A61B1ABDFAF9E4 /* ofxAudioDecoder */,
			);
			name = local_addons;
			sourceTree = "<group>";
		};
		6E54289412D2D94F45A05113 /* libs */ = {
			isa = PBXGroup;
			children = (
				2B40EDA85BEB63E46785BC29 /* tinyxml.cpp */,
				B21E7E5F548EEA92F368040B /* tinyxml.h */,
				832BDC407620CDBA568B713D /* tinyxmlerror.cpp */,
				FC5DA1C87211D4F6377DA719 /* tinyxmlparser.cpp */,
			);
			name = libs;
			sourceTree = "<group>";
		};
		6ECEF0D76BC33727823EADFF /* src */ = {
			isa = PBXGroup;
			children = (
				50DF87D612C5AAE17AAFA6C0 /* ofxXmlSettings.cpp */,
				01DCC0911400F9ACF5B65578 /* ofxXmlSettings.h */,
			);
			name = src;
			sourceTree = "<group>";
		};
		81B62DB6C371DAD643503FEF /* src */ = {
			isa = PBXGroup;
			children = (
				B59DDD3C0EB9FFC71F28869B /* Easings */,
				497F252390399FCF843297DA /* ofxTween.cpp */,
				3DC6648A0468FBECB5E45B57 /* ofxTween.h */,
			);
			name = src;
			sourceTree = "<group>";
		};
		86DF17850277042C979393F5 /* src */ = {
			isa = PBXGroup;
			children = (
				22EC628E5FA510D7034A99BB /* ofRange.h */,
			);
			name = src;
			sourceTree = "<group>";
		};
		8831A2D3879FF387BDFC7FBE /* apple */ = {
			isa = PBXGroup;
			children = (
				D1A051BE7A7557A97CE7B91B /* CADebugMacros.h */,
				74743B9B4D5A4500B53BAA0D /* CAStreamBasicDescription.h */,
			);
			name = apple;
			sourceTree = "<group>";
		};
		8A4728C27E6EA93BAA6E0360 /* sndfile */ = {
			isa = PBXGroup;
			children = (
				45AC52DF7C0E3B8FD76DE1C3 /* include */,
			);
			name = sndfile;
			sourceTree = "<group>";
		};
		8EFD6815C031741FFAA1A001 /* ofxTimecode */ = {
			isa = PBXGroup;
			children = (
				ABE37A0BB21B3D890EFC285B /* src */,
			);
			name = ofxTimecode;
			sourceTree = "<group>";
		};
		8FFBCDF12D30417CE718F69F /* src */ = {
			isa = PBXGroup;
			children = (
				A9DF02FC3CB5DF7AF76ACF26 /* audiodecoderbase.cpp */,
				7C8C675B822C63F2E78C0714 /* audiodecodercoreaudio.cpp */,
			);
			name = src;
			sourceTree = "<group>";
		};
		9BE4ED45DA012F3931CC1FD7 /* AL */ = {
			isa = PBXGroup;
			children = (
				EFD4C83D28982D7C05454D00 /* al.h */,
				BCC5B5DBD0A33BF9224A1779 /* alc.h */,
				65CD9917CC1CAEFF3F08E120 /* alext.h */,
				12467A627A4B1BB177C5DDA8 /* efx-creative.h */,
				A19B27A979DF099630EEEAAB /* efx-presets.h */,
				9D8CB3CC2B9307085C34B9C7 /* efx.h */,
			);
			name = AL;
			sourceTree = "<group>";
		};
		9FD9332064A1194AC3CD20C2 /* ofxRange */ = {
			isa = PBXGroup;
			children = (
				86DF17850277042C979393F5 /* src */,
			);
			name = ofxRange;
			sourceTree = "<group>";
		};
		A3D9470D065D2E336257E7C9 /* src */ = {
			isa = PBXGroup;
			children = (
				4D8C4F10D3D2486A17B78C1F /* _kiss_fft_guts.h */,
				417251AC068AC0676E6EBC90 /* kiss_fft.c */,
				134B63EEC9FB066F5873837B /* kiss_fftr.c */,
			);
			name = src;
			sourceTree = "<group>";
		};
		A763ED608B35AE3310251DEE /* src */ = {
			isa = PBXGroup;
			children = (
				9604B925D32EE39065747725 /* ofxBaseGui.cpp */,
				87F26B4B24CBD428AD9EEBAA /* ofxBaseGui.h */,
				C88333E71C9457E441C33474 /* ofxButton.cpp */,
				2834D88A62CD23F3DE2C47D1 /* ofxButton.h */,
				17E65988300FBD9AAA2CD0CA /* ofxGui.h */,
				ECF8674C7975F1063C5E30CA /* ofxGuiGroup.cpp */,
				1C0DA2561397A7DE0246858B /* ofxGuiGroup.h */,
				78D67A00EB899FAC09430597 /* ofxLabel.cpp */,
				B87C60311EC1FE841C1ECD89 /* ofxLabel.h */,
				E112B3AEBEA2C091BF2B40AE /* ofxPanel.cpp */,
				89449E3044D456F7DE7BEA14 /* ofxPanel.h */,
				15F2C6477A769C03A56D1401 /* ofxSlider.cpp */,
				52AFA1F08C420992CAAAE648 /* ofxSlider.h */,
				802251BAF1B35B1D67B32FD0 /* ofxSliderGroup.cpp */,
				C70D8946940288799E82131E /* ofxSliderGroup.h */,
				907C5B5E104864A2D3A25745 /* ofxToggle.cpp */,
				0A1DAC09F322AE313A40706D /* ofxToggle.h */,
			);
			name = src;
			sourceTree = "<group>";
		};
		A84C320C111785EEEE9DEB83 /* src */ = {
			isa = PBXGroup;
			children = (
				BCB6A6D9093FF11EE0D7D470 /* ofxTextInputField.cpp */,
				AC5DDD8BBD12E8E173E4AE81 /* ofxTextInputField.h */,
				3D5A874AE34061363E1C19B1 /* ofxTextInputFieldFontRenderer.h */,
			);
			name = src;
			sourceTree = "<group>";
		};
		AB88B4FD5D7F4ABF53230E5A /* ofxTextInputField */ = {
			isa = PBXGroup;
			children = (
				A84C320C111785EEEE9DEB83 /* src */,
			);
			name = ofxTextInputField;
			sourceTree = "<group>";
		};
		ABE37A0BB21B3D890EFC285B /* src */ = {
			isa = PBXGroup;
			children = (
				D9882C87EDC438B97F534F28 /* ofxTimecode.cpp */,
				95C5241B62F5D1F0FE6C067B /* ofxTimecode.h */,
			);
			name = src;
			sourceTree = "<group>";
		};
		B0520B7D20D3F978FD735878 /* src */ = {
			isa = PBXGroup;
			children = (
				B4EBE6922DE4DCB97639B65F /* ofxMSATimer.cpp */,
				03DDE55C47701116EDEB1800 /* ofxMSATimer.h */,
			);
			name = src;
			sourceTree = "<group>";
		};
		B59DDD3C0EB9FFC71F28869B /* Easings */ = {
			isa = PBXGroup;
			children = (
				9AAEF50558BBDBEB5260FC35 /* easing_terms_of_use.html */,
				26E160699149D8AF609734A1 /* ofxEasing.cpp */,
				FC9B34C5CB5B0ACAFF02ED20 /* ofxEasing.h */,
				7660DD2BE873BAD12E3A496D /* ofxEasingBack.cpp */,
				7912619B786F0238D22ED5F3 /* ofxEasingBack.h */,
				00B7E2794A10F926DF630529 /* ofxEasingBounce.cpp */,
				A9FE46C20E767B29C5997AD3 /* ofxEasingBounce.h */,
				A4973CEF438C8931B5E03E0A /* ofxEasingCirc.cpp */,
				AF17EB492DB2858A0EBD94CD /* ofxEasingCirc.h */,
				34AA5DBAF88C8B757B46D40D /* ofxEasingCubic.cpp */,
				B788152C3FE538E700D063C7 /* ofxEasingCubic.h */,
				A26C4A6254126C99F0A65354 /* ofxEasingElastic.cpp */,
				FE4DB52D544B8C725E615958 /* ofxEasingElastic.h */,
				0F26D4EDFF0E9EA8CF68B694 /* ofxEasingExpo.cpp */,
				767479279EBAC134D46E74E7 /* ofxEasingExpo.h */,
				9A4CFDCEA412E8BCDACA9B26 /* ofxEasingLinear.cpp */,
				7599804C6260EC1CD8D3567D /* ofxEasingLinear.h */,
				B9E1DB01BD6701283FC87946 /* ofxEasingQuad.cpp */,
				B07C508E7717E6C892502ADF /* ofxEasingQuad.h */,
				882494DB324414B7B31DB11C /* ofxEasingQuart.cpp */,
				4C0E055E4176057631087AA3 /* ofxEasingQuart.h */,
				FB8A50F8A34037BCD5DC10D0 /* ofxEasingQuint.cpp */,
				5E9E6513BEC36148928518B7 /* ofxEasingQuint.h */,
				5FABA58C3070AF2F33E8C257 /* ofxEasingSine.cpp */,
				DD476420FBC881796F865BB5 /* ofxEasingSine.h */,
			);
			name = Easings;
			sourceTree = "<group>";
		};
		BB4B014C10F69532006C3DED /* addons */ = {
			isa = PBXGroup;
			children = (
				5D5C0AE687AC481A1CA3E1C2 /* ofxMSATimer */,
				480A780D8D0308AE4A368801 /* ofxGui */,
				9FD9332064A1194AC3CD20C2 /* ofxRange */,
				AB88B4FD5D7F4ABF53230E5A /* ofxTextInputField */,
				8EFD6815C031741FFAA1A001 /* ofxTimecode */,
				1F293A20D2B096D59C4F24DD /* ofxTween */,
				1F4FB5C423662B96ADFDCC0B /* ofxXmlSettings */,
			);
			name = addons;
			sourceTree = "<group>";
		};
		CAAAA197B66C43F2D62F7F0E /* openal */ = {
			isa = PBXGroup;
			children = (
				54FAB23E8F0B7D1FD8DFE660 /* include */,
			);
			name = openal;
			sourceTree = "<group>";
		};
		CFF91A3B7B9C8C4A51ACB082 /* libs */ = {
			isa = PBXGroup;
			children = (
				5097AB75B27636CB30ABDDB2 /* include */,
				8FFBCDF12D30417CE718F69F /* src */,
			);
			name = libs;
			sourceTree = "<group>";
		};
		D16F616EE43FEFD221056B5F /* libs */ = {
			isa = PBXGroup;
			children = (
				3064BD0F1F815DF42582133F /* kiss */,
				383F5DA13984616221FE4314 /* ofOpenALSoundPlayer_TimelineAdditions */,
				CAAAA197B66C43F2D62F7F0E /* openal */,
				8A4728C27E6EA93BAA6E0360 /* sndfile */,
			);
			name = libs;
			sourceTree = "<group>";
		};
		DD9791708E7B9C17BE3E0701 /* src */ = {
			isa = PBXGroup;
			children = (
				E028B134EB601018AF3FB0FF /* ofxAudioDecoder.cpp */,
				89D4721299EC186810718E4E /* ofxAudioDecoder.h */,
			);
			name = src;
			sourceTree = "<group>";
		};
		E4328144138ABC890047C5CB /* Products */ = {
			isa = PBXGroup;
			children = (
				E4328148138ABC890047C5CB /* openFrameworksDebug.a */,
			);
			name = Products;
			sourceTree = "<group>";
		};
		E4B69B4A0A3A1720003C02F2 = {
			isa = PBXGroup;
			children = (
				E4B6FCAD0C3E899E008CF71C /* openFrameworks-Info.plist */,
				E4EB6923138AFD0F00A09F29 /* Project.xcconfig */,
				E4B69E1C0A3A1BDC003C02F2 /* src */,
				E4EEC9E9138DF44700A80321 /* openFrameworks */,
				BB4B014C10F69532006C3DED /* addons */,
				6948EE371B920CB800B5AC1A /* local_addons */,
				E4B69B5B0A3A1756003C02F2 /* timelineTrackerDebug.app */,
			);
			sourceTree = "<group>";
		};
		E4B69E1C0A3A1BDC003C02F2 /* src */ = {
			isa = PBXGroup;
			children = (
				E4B69E1D0A3A1BDC003C02F2 /* main.cpp */,
				E4B69E1E0A3A1BDC003C02F2 /* ofApp.cpp */,
				E4B69E1F0A3A1BDC003C02F2 /* ofApp.h */,
				F050DA7F048519A0762011A5 /* track.cpp */,
				70356F8F472702CBFF7778AE /* track.hpp */,
				2DA696FBA4A9CC8CF2DB3C96 /* tracker.cpp */,
				0AB20682CCA0A4B47FE3A183 /* tracker.hpp */,
			);
			path = src;
			sourceTree = SOURCE_ROOT;
		};
		E4EEC9E9138DF44700A80321 /* openFrameworks */ = {
			isa = PBXGroup;
			children = (
				E4EB691F138AFCF100A09F29 /* CoreOF.xcconfig */,
				E4328143138ABC890047C5CB /* openFrameworksLib.xcodeproj */,
			);
			name = openFrameworks;
			sourceTree = "<group>";
		};
		EC67DB3B35AA4AE28E1DAADC /* ofxTimeline */ = {
			isa = PBXGroup;
			children = (
				3BE2A7524D710C57C2F2DF7A /* src */,
				D16F616EE43FEFD221056B5F /* libs */,
			);
			name = ofxTimeline;
			sourceTree = "<group>";
		};
		F736952A2CB8307637E6C143 /* src */ = {
			isa = PBXGroup;
			children = (
				437800818CBF0A4F20454D3D /* ofOpenALSoundPlayer_TimelineAdditions.cpp */,
				5E6553BC70A08CFB442E5CCE /* ofOpenALSoundPlayer_TimelineAdditions.h */,
			);
			name = src;
			sourceTree = "<group>";
		};
/* End PBXGroup section */

/* Begin PBXNativeTarget section */
		E4B69B5A0A3A1756003C02F2 /* timelineTracker */ = {
			isa = PBXNativeTarget;
			buildConfigurationList = E4B69B5F0A3A1757003C02F2 /* Build configuration list for PBXNativeTarget "timelineTracker" */;
			buildPhases = (
				E4B69B580A3A1756003C02F2 /* Sources */,
				E4B69B590A3A1756003C02F2 /* Frameworks */,
				E4B6FFFD0C3F9AB9008CF71C /* ShellScript */,
				E4C2427710CC5ABF004149E2 /* CopyFiles */,
			);
			buildRules = (
			);
			dependencies = (
				E4EEB9AC138B136A00A80321 /* PBXTargetDependency */,
			);
			name = timelineTracker;
			productName = myOFApp;
			productReference = E4B69B5B0A3A1756003C02F2 /* timelineTrackerDebug.app */;
			productType = "com.apple.product-type.application";
		};
/* End PBXNativeTarget section */

/* Begin PBXProject section */
		E4B69B4C0A3A1720003C02F2 /* Project object */ = {
			isa = PBXProject;
			attributes = {
				LastUpgradeCheck = 0600;
			};
			buildConfigurationList = E4B69B4D0A3A1720003C02F2 /* Build configuration list for PBXProject "timelineTracker" */;
			compatibilityVersion = "Xcode 3.2";
			developmentRegion = English;
			hasScannedForEncodings = 0;
			knownRegions = (
				English,
				Japanese,
				French,
				German,
			);
			mainGroup = E4B69B4A0A3A1720003C02F2;
			productRefGroup = E4B69B4A0A3A1720003C02F2;
			projectDirPath = "";
			projectReferences = (
				{
					ProductGroup = E4328144138ABC890047C5CB /* Products */;
					ProjectRef = E4328143138ABC890047C5CB /* openFrameworksLib.xcodeproj */;
				},
			);
			projectRoot = "";
			targets = (
				E4B69B5A0A3A1756003C02F2 /* timelineTracker */,
			);
		};
/* End PBXProject section */

/* Begin PBXReferenceProxy section */
		E4328148138ABC890047C5CB /* openFrameworksDebug.a */ = {
			isa = PBXReferenceProxy;
			fileType = archive.ar;
			path = openFrameworksDebug.a;
			remoteRef = E4328147138ABC890047C5CB /* PBXContainerItemProxy */;
			sourceTree = BUILT_PRODUCTS_DIR;
		};
/* End PBXReferenceProxy section */

/* Begin PBXShellScriptBuildPhase section */
		E4B6FFFD0C3F9AB9008CF71C /* ShellScript */ = {
			isa = PBXShellScriptBuildPhase;
			buildActionMask = 2147483647;
			files = (
			);
			inputPaths = (
			);
			outputPaths = (
			);
			runOnlyForDeploymentPostprocessing = 0;
			shellPath = /bin/sh;
			shellScript = "mkdir -p \"$TARGET_BUILD_DIR/$PRODUCT_NAME.app/Contents/Resources/\"\n# Copy default icon file into App/Resources\nrsync -aved \"$ICON_FILE\" \"$TARGET_BUILD_DIR/$PRODUCT_NAME.app/Contents/Resources/\"\n# Copy libfmod and change install directory for fmod to run\nrsync -aved ../../../libs/fmodex/lib/osx/libfmodex.dylib \"$TARGET_BUILD_DIR/$PRODUCT_NAME.app/Contents/Frameworks/\";\ninstall_name_tool -change @executable_path/libfmodex.dylib @executable_path/../Frameworks/libfmodex.dylib \"$TARGET_BUILD_DIR/$PRODUCT_NAME.app/Contents/MacOS/$PRODUCT_NAME\";\n# Copy GLUT framework (must remove for AppStore submissions)\nrsync -aved ../../../libs/glut/lib/osx/GLUT.framework \"$TARGET_BUILD_DIR/$PRODUCT_NAME.app/Contents/Frameworks/\"\n";
		};
/* End PBXShellScriptBuildPhase section */

/* Begin PBXSourcesBuildPhase section */
		E4B69B580A3A1756003C02F2 /* Sources */ = {
			isa = PBXSourcesBuildPhase;
			buildActionMask = 2147483647;
			files = (
				E4B69E200A3A1BDC003C02F2 /* main.cpp in Sources */,
				E4B69E210A3A1BDC003C02F2 /* ofApp.cpp in Sources */,
				61C9134C216D9003D7E2E475 /* track.cpp in Sources */,
				1A0FFF7819726B4431667719 /* tracker.cpp in Sources */,
				97E6FBDEDE84F8308C7369F7 /* ofxHotKeys_impl_linux.cpp in Sources */,
				9D40E7644E5AE84BC58DD876 /* ofxHotKeys_impl_mac.mm in Sources */,
				CF2D93B86E37B368392DF5A3 /* ofxHotKeys_impl_win.cpp in Sources */,
				B9F88E66370B37B8D049061F /* ofxRemoveCocoaMenu.mm in Sources */,
				4FBC230689AD8E50FCD0E976 /* ofxTimeline.cpp in Sources */,
				46F84AA6BCF4296E045728AB /* ofxTLAudioTrack.cpp in Sources */,
				D8114F185B1936FB0AD7EC29 /* ofxTLBangs.cpp in Sources */,
				4F2F520728C6DDA3A2DB34C3 /* ofxTLCameraTrack.cpp in Sources */,
				8EEDF093BE950EDFA144B281 /* ofxTLColors.cpp in Sources */,
				AA51DBE9A3558404635906C4 /* ofxTLColorTrack.cpp in Sources */,
				3579AA66A95578EC9CC4317D /* ofxTLCurves.cpp in Sources */,
				1A756249505A491A761374B1 /* ofxTLEmptyKeyframes.cpp in Sources */,
				AE5BA07571758CEAF4B57481 /* ofxTLEmptyTrack.cpp in Sources */,
				D5188AEF6AE2BD83BAD07CD0 /* ofxTLFlags.cpp in Sources */,
				1D3E6422AD76A3F88A21C887 /* ofxTLImageSequence.cpp in Sources */,
				1918F0D1C68E890430F0D992 /* ofxTLImageSequenceFrame.cpp in Sources */,
				A0F712FCBB83D675E490BAA2 /* ofxTLImageTrack.cpp in Sources */,
				3FB466D647BA0598FCBA01F8 /* ofxTLInOut.cpp in Sources */,
				3526B547BA76A20E8D05CBA1 /* ofxTLKeyframes.cpp in Sources */,
				A1B954674AD8F1B7D7BC160B /* ofxTLLFO.cpp in Sources */,
				08C60DEF0784F22835F45836 /* ofxTLPage.cpp in Sources */,
				709F6755E73FF9B85382BD19 /* ofxTLPageTabs.cpp in Sources */,
				ACF29562489AB92914DD82F9 /* ofxTLSwitches.cpp in Sources */,
				1681B057697F32E22EA76911 /* ofxTLTicker.cpp in Sources */,
				51F0C76E88ED7D25185AA733 /* ofxTLTrack.cpp in Sources */,
				B1407C8984E08695D3169BD1 /* ofxTLTrackHeader.cpp in Sources */,
				EB2F74757345E3E4BFB253CB /* ofxTLVideoThumb.cpp in Sources */,
				DF5CDD12FDD08B9813DFAA9B /* ofxTLVideoTrack.cpp in Sources */,
				D32690903A12986277E231D4 /* ofxTLZoomer.cpp in Sources */,
				AD6EF060CC39D325A7485739 /* kiss_fft.c in Sources */,
				717FB4858EA0E2F87822FD3A /* kiss_fftr.c in Sources */,
				5ADFBBE22FD1C679F1C79E30 /* ofOpenALSoundPlayer_TimelineAdditions.cpp in Sources */,
				D891CE427189A54E88C6DA88 /* ofxAudioDecoder.cpp in Sources */,
				2969A03514C536E179CF126C /* audiodecoderbase.cpp in Sources */,
				1E131B8046D6C77E965F293C /* audiodecodercoreaudio.cpp in Sources */,
				9119BFC53670A98106E367BB /* ofxMSATimer.cpp in Sources */,
				856AA354D08AB4B323081444 /* ofxBaseGui.cpp in Sources */,
				5CBB2AB3A60F65431D7B555D /* ofxButton.cpp in Sources */,
				B266578FC55D23BFEBC042E7 /* ofxGuiGroup.cpp in Sources */,
				483908258D00B98B4BE69F07 /* ofxLabel.cpp in Sources */,
				F285EB3169F1566CA3D93C20 /* ofxPanel.cpp in Sources */,
				837220E80EB56CD44AD27F2A /* ofxSlider.cpp in Sources */,
				B56FE57CC35806596D38118C /* ofxSliderGroup.cpp in Sources */,
				1CD33E884D9E3358252E82A1 /* ofxToggle.cpp in Sources */,
				F6CA03081709FCBFDAEF6676 /* ofxTextInputField.cpp in Sources */,
				6499B8489905BFE9067F8DB8 /* ofxTimecode.cpp in Sources */,
				168C43F69AF6A8042EA0B13F /* easing_terms_of_use.html in Sources */,
				9266028E1AECBB027ABF64D8 /* ofxEasing.cpp in Sources */,
				5E0DBDE5736DEB3A5886B3F1 /* ofxEasingBack.cpp in Sources */,
				EAD3CE0789481F975F351F39 /* ofxEasingBounce.cpp in Sources */,
				27765D1BFF26BD9A6186915F /* ofxEasingCirc.cpp in Sources */,
				E816D7D242D315FB53E23F54 /* ofxEasingCubic.cpp in Sources */,
				6E062274743F6716A9AD4395 /* ofxEasingElastic.cpp in Sources */,
				59EEACB88F062457FF86492C /* ofxEasingExpo.cpp in Sources */,
				152EAECABD008D84AF7F27F8 /* ofxEasingLinear.cpp in Sources */,
				6D7B53ED56654ABBF2FF13B1 /* ofxEasingQuad.cpp in Sources */,
				85A41526FDFA1A8CDAEE81F7 /* ofxEasingQuart.cpp in Sources */,
				7E769097DE6561633305B24C /* ofxEasingQuint.cpp in Sources */,
				FE278F5F783581237AE8ECB2 /* ofxEasingSine.cpp in Sources */,
				32FC7731C1EF7B87E491C93D /* ofxTween.cpp in Sources */,
				63B57AC5BF4EF088491E0317 /* ofxXmlSettings.cpp in Sources */,
				933A2227713C720CEFF80FD9 /* tinyxml.cpp in Sources */,
				9D44DC88EF9E7991B4A09951 /* tinyxmlerror.cpp in Sources */,
				5A4349E9754D6FA14C0F2A3A /* tinyxmlparser.cpp in Sources */,
			);
			runOnlyForDeploymentPostprocessing = 0;
		};
/* End PBXSourcesBuildPhase section */

/* Begin PBXTargetDependency section */
		E4EEB9AC138B136A00A80321 /* PBXTargetDependency */ = {
			isa = PBXTargetDependency;
			name = openFrameworks;
			targetProxy = E4EEB9AB138B136A00A80321 /* PBXContainerItemProxy */;
		};
/* End PBXTargetDependency section */

/* Begin XCBuildConfiguration section */
		E4B69B4E0A3A1720003C02F2 /* Debug */ = {
			isa = XCBuildConfiguration;
			baseConfigurationReference = E4EB6923138AFD0F00A09F29 /* Project.xcconfig */;
			buildSettings = {
				CONFIGURATION_BUILD_DIR = "$(SRCROOT)/bin/";
				COPY_PHASE_STRIP = NO;
				DEAD_CODE_STRIPPING = YES;
				GCC_AUTO_VECTORIZATION = YES;
				GCC_ENABLE_SSE3_EXTENSIONS = YES;
				GCC_ENABLE_SUPPLEMENTAL_SSE3_INSTRUCTIONS = YES;
				GCC_INLINES_ARE_PRIVATE_EXTERN = NO;
				GCC_OPTIMIZATION_LEVEL = 0;
				GCC_SYMBOLS_PRIVATE_EXTERN = NO;
				GCC_WARN_ABOUT_DEPRECATED_FUNCTIONS = YES;
				GCC_WARN_ABOUT_INVALID_OFFSETOF_MACRO = NO;
				GCC_WARN_ALLOW_INCOMPLETE_PROTOCOL = NO;
				GCC_WARN_UNINITIALIZED_AUTOS = NO;
				GCC_WARN_UNUSED_VALUE = NO;
				GCC_WARN_UNUSED_VARIABLE = NO;
				HEADER_SEARCH_PATHS = (
					"$(OF_CORE_HEADERS)",
					src,
					../localAddons/ofxTimeline/libs,
					../localAddons/ofxTimeline/libs/kiss,
					../localAddons/ofxTimeline/libs/kiss/include,
					../localAddons/ofxTimeline/libs/kiss/src,
					../localAddons/ofxTimeline/libs/ofOpenALSoundPlayer_TimelineAdditions,
					../localAddons/ofxTimeline/libs/ofOpenALSoundPlayer_TimelineAdditions/src,
					../localAddons/ofxTimeline/libs/openal,
					../localAddons/ofxTimeline/libs/openal/export,
					../localAddons/ofxTimeline/libs/openal/include,
					../localAddons/ofxTimeline/libs/openal/include/AL,
					../localAddons/ofxTimeline/libs/openal/lib,
					../localAddons/ofxTimeline/libs/openal/lib/osx,
					../localAddons/ofxTimeline/libs/sndfile,
					../localAddons/ofxTimeline/libs/sndfile/export,
					../localAddons/ofxTimeline/libs/sndfile/include,
					../localAddons/ofxTimeline/libs/sndfile/lib,
					../localAddons/ofxTimeline/libs/sndfile/lib/osx,
					../localAddons/ofxTimeline/libs/sndfile/lib/win_cb,
					../localAddons/ofxTimeline/src,
					../localAddons/ofxAudioDecoder/libs,
					../localAddons/ofxAudioDecoder/libs/include,
					../localAddons/ofxAudioDecoder/libs/include/apple,
					../localAddons/ofxAudioDecoder/libs/src,
					../localAddons/ofxAudioDecoder/src,
					../../../addons/ofxMSATimer/src,
					../../../addons/ofxGui/src,
					../../../addons/ofxRange/src,
					../../../addons/ofxTextInputField/src,
					../../../addons/ofxTimecode/src,
					../../../addons/ofxTween/src,
					../../../addons/ofxTween/src/Easings,
					../../../addons/ofxXmlSettings/libs,
					../../../addons/ofxXmlSettings/src,
				);
				MACOSX_DEPLOYMENT_TARGET = 10.8;
				ONLY_ACTIVE_ARCH = YES;
				OTHER_CPLUSPLUSFLAGS = (
					"-D__MACOSX_CORE__",
					"-mtune=native",
				);
				OTHER_LDFLAGS = (
					"$(OF_CORE_FRAMEWORKS)",
					"$(OF_CORE_LIBS)",
					../localAddons/ofxTimeline/libs/openal/lib/osx/libsndfile.a,
					../localAddons/ofxTimeline/libs/sndfile/lib/osx/libsndfile.a,
				);
				SDKROOT = macosx;
			};
			name = Debug;
		};
		E4B69B4F0A3A1720003C02F2 /* Release */ = {
			isa = XCBuildConfiguration;
			baseConfigurationReference = E4EB6923138AFD0F00A09F29 /* Project.xcconfig */;
			buildSettings = {
				CONFIGURATION_BUILD_DIR = "$(SRCROOT)/bin/";
				COPY_PHASE_STRIP = YES;
				DEAD_CODE_STRIPPING = YES;
				GCC_AUTO_VECTORIZATION = YES;
				GCC_ENABLE_SSE3_EXTENSIONS = YES;
				GCC_ENABLE_SUPPLEMENTAL_SSE3_INSTRUCTIONS = YES;
				GCC_INLINES_ARE_PRIVATE_EXTERN = NO;
				GCC_OPTIMIZATION_LEVEL = 3;
				GCC_SYMBOLS_PRIVATE_EXTERN = NO;
				GCC_UNROLL_LOOPS = YES;
				GCC_WARN_ABOUT_DEPRECATED_FUNCTIONS = YES;
				GCC_WARN_ABOUT_INVALID_OFFSETOF_MACRO = NO;
				GCC_WARN_ALLOW_INCOMPLETE_PROTOCOL = NO;
				GCC_WARN_UNINITIALIZED_AUTOS = NO;
				GCC_WARN_UNUSED_VALUE = NO;
				GCC_WARN_UNUSED_VARIABLE = NO;
				HEADER_SEARCH_PATHS = (
					"$(OF_CORE_HEADERS)",
					src,
					../localAddons/ofxTimeline/libs,
					../localAddons/ofxTimeline/libs/kiss,
					../localAddons/ofxTimeline/libs/kiss/include,
					../localAddons/ofxTimeline/libs/kiss/src,
					../localAddons/ofxTimeline/libs/ofOpenALSoundPlayer_TimelineAdditions,
					../localAddons/ofxTimeline/libs/ofOpenALSoundPlayer_TimelineAdditions/src,
					../localAddons/ofxTimeline/libs/openal,
					../localAddons/ofxTimeline/libs/openal/export,
					../localAddons/ofxTimeline/libs/openal/include,
					../localAddons/ofxTimeline/libs/openal/include/AL,
					../localAddons/ofxTimeline/libs/openal/lib,
					../localAddons/ofxTimeline/libs/openal/lib/osx,
					../localAddons/ofxTimeline/libs/sndfile,
					../localAddons/ofxTimeline/libs/sndfile/export,
					../localAddons/ofxTimeline/libs/sndfile/include,
					../localAddons/ofxTimeline/libs/sndfile/lib,
					../localAddons/ofxTimeline/libs/sndfile/lib/osx,
					../localAddons/ofxTimeline/libs/sndfile/lib/win_cb,
					../localAddons/ofxTimeline/src,
					../localAddons/ofxAudioDecoder/libs,
					../localAddons/ofxAudioDecoder/libs/include,
					../localAddons/ofxAudioDecoder/libs/include/apple,
					../localAddons/ofxAudioDecoder/libs/src,
					../localAddons/ofxAudioDecoder/src,
					../../../addons/ofxMSATimer/src,
					../../../addons/ofxGui/src,
					../../../addons/ofxRange/src,
					../../../addons/ofxTextInputField/src,
					../../../addons/ofxTimecode/src,
					../../../addons/ofxTween/src,
					../../../addons/ofxTween/src/Easings,
					../../../addons/ofxXmlSettings/libs,
					../../../addons/ofxXmlSettings/src,
				);
				MACOSX_DEPLOYMENT_TARGET = 10.8;
				OTHER_CPLUSPLUSFLAGS = (
					"-D__MACOSX_CORE__",
					"-mtune=native",
				);
				OTHER_LDFLAGS = (
					"$(OF_CORE_FRAMEWORKS)",
					"$(OF_CORE_LIBS)",
					../localAddons/ofxTimeline/libs/openal/lib/osx/libsndfile.a,
					../localAddons/ofxTimeline/libs/sndfile/lib/osx/libsndfile.a,
				);
				SDKROOT = macosx;
			};
			name = Release;
		};
		E4B69B600A3A1757003C02F2 /* Debug */ = {
			isa = XCBuildConfiguration;
			baseConfigurationReference = E4EB6923138AFD0F00A09F29 /* Project.xcconfig */;
			buildSettings = {
				COMBINE_HIDPI_IMAGES = YES;
				COPY_PHASE_STRIP = NO;
				FRAMEWORK_SEARCH_PATHS = (
					"$(inherited)",
					"$(FRAMEWORK_SEARCH_PATHS_QUOTED_FOR_TARGET_1)",
				);
				FRAMEWORK_SEARCH_PATHS_QUOTED_FOR_TARGET_1 = "\"$(SRCROOT)/../../../libs/glut/lib/osx\"";
				GCC_DYNAMIC_NO_PIC = NO;
				GCC_GENERATE_DEBUGGING_SYMBOLS = YES;
				GCC_MODEL_TUNING = NONE;
				GCC_PREPROCESSOR_DEFINITIONS = "TIMELINE_VIDEO_INCLUDED=1";
				HEADER_SEARCH_PATHS = (
					"$(OF_CORE_HEADERS)",
					src,
					../localAddons/ofxTimeline/libs,
					../localAddons/ofxTimeline/libs/kiss,
					../localAddons/ofxTimeline/libs/kiss/include,
					../localAddons/ofxTimeline/libs/kiss/src,
					../localAddons/ofxTimeline/libs/ofOpenALSoundPlayer_TimelineAdditions,
					../localAddons/ofxTimeline/libs/ofOpenALSoundPlayer_TimelineAdditions/src,
					../localAddons/ofxTimeline/libs/openal,
					../localAddons/ofxTimeline/libs/openal/export,
					../localAddons/ofxTimeline/libs/openal/include,
					../localAddons/ofxTimeline/libs/openal/include/AL,
					../localAddons/ofxTimeline/libs/openal/lib,
					../localAddons/ofxTimeline/libs/openal/lib/osx,
					../localAddons/ofxTimeline/libs/sndfile,
					../localAddons/ofxTimeline/libs/sndfile/export,
					../localAddons/ofxTimeline/libs/sndfile/include,
					../localAddons/ofxTimeline/libs/sndfile/lib,
					../localAddons/ofxTimeline/libs/sndfile/lib/osx,
					../localAddons/ofxTimeline/libs/sndfile/lib/win_cb,
					../localAddons/ofxTimeline/src,
					../localAddons/ofxAudioDecoder/libs,
					../localAddons/ofxAudioDecoder/libs/include,
					../localAddons/ofxAudioDecoder/libs/include/apple,
					../localAddons/ofxAudioDecoder/libs/src,
					../localAddons/ofxAudioDecoder/src,
					../../../addons/ofxMSATimer/src,
					../../../addons/ofxGui/src,
					../../../addons/ofxRange/src,
					../../../addons/ofxTextInputField/src,
					../../../addons/ofxTimecode/src,
					../../../addons/ofxTween/src,
					../../../addons/ofxTween/src/Easings,
					../../../addons/ofxXmlSettings/libs,
					../../../addons/ofxXmlSettings/src,
				);
				ICON = "$(ICON_NAME_DEBUG)";
				ICON_FILE = "$(ICON_FILE_PATH)$(ICON)";
				INFOPLIST_FILE = "openFrameworks-Info.plist";
				INSTALL_PATH = /Applications;
				LIBRARY_SEARCH_PATHS = "$(inherited)";
				OTHER_LDFLAGS = (
					"$(OF_CORE_FRAMEWORKS)",
					"$(OF_CORE_LIBS)",
					../localAddons/ofxTimeline/libs/openal/lib/osx/libsndfile.a,
					../localAddons/ofxTimeline/libs/sndfile/lib/osx/libsndfile.a,
				);
				PRODUCT_NAME = "$(TARGET_NAME)Debug";
				WRAPPER_EXTENSION = app;
			};
			name = Debug;
		};
		E4B69B610A3A1757003C02F2 /* Release */ = {
			isa = XCBuildConfiguration;
			baseConfigurationReference = E4EB6923138AFD0F00A09F29 /* Project.xcconfig */;
			buildSettings = {
				COMBINE_HIDPI_IMAGES = YES;
				COPY_PHASE_STRIP = YES;
				FRAMEWORK_SEARCH_PATHS = (
					"$(inherited)",
					"$(FRAMEWORK_SEARCH_PATHS_QUOTED_FOR_TARGET_1)",
				);
				FRAMEWORK_SEARCH_PATHS_QUOTED_FOR_TARGET_1 = "\"$(SRCROOT)/../../../libs/glut/lib/osx\"";
				GCC_GENERATE_DEBUGGING_SYMBOLS = YES;
				GCC_MODEL_TUNING = NONE;
				GCC_PREPROCESSOR_DEFINITIONS = "TIMELINE_VIDEO_INCLUDED=1";
				HEADER_SEARCH_PATHS = (
					"$(OF_CORE_HEADERS)",
					src,
					../localAddons/ofxTimeline/libs,
					../localAddons/ofxTimeline/libs/kiss,
					../localAddons/ofxTimeline/libs/kiss/include,
					../localAddons/ofxTimeline/libs/kiss/src,
					../localAddons/ofxTimeline/libs/ofOpenALSoundPlayer_TimelineAdditions,
					../localAddons/ofxTimeline/libs/ofOpenALSoundPlayer_TimelineAdditions/src,
					../localAddons/ofxTimeline/libs/openal,
					../localAddons/ofxTimeline/libs/openal/export,
					../localAddons/ofxTimeline/libs/openal/include,
					../localAddons/ofxTimeline/libs/openal/include/AL,
					../localAddons/ofxTimeline/libs/openal/lib,
					../localAddons/ofxTimeline/libs/openal/lib/osx,
					../localAddons/ofxTimeline/libs/sndfile,
					../localAddons/ofxTimeline/libs/sndfile/export,
					../localAddons/ofxTimeline/libs/sndfile/include,
					../localAddons/ofxTimeline/libs/sndfile/lib,
					../localAddons/ofxTimeline/libs/sndfile/lib/osx,
					../localAddons/ofxTimeline/libs/sndfile/lib/win_cb,
					../localAddons/ofxTimeline/src,
					../localAddons/ofxAudioDecoder/libs,
					../localAddons/ofxAudioDecoder/libs/include,
					../localAddons/ofxAudioDecoder/libs/include/apple,
					../localAddons/ofxAudioDecoder/libs/src,
					../localAddons/ofxAudioDecoder/src,
					../../../addons/ofxMSATimer/src,
					../../../addons/ofxGui/src,
					../../../addons/ofxRange/src,
					../../../addons/ofxTextInputField/src,
					../../../addons/ofxTimecode/src,
					../../../addons/ofxTween/src,
					../../../addons/ofxTween/src/Easings,
					../../../addons/ofxXmlSettings/libs,
					../../../addons/ofxXmlSettings/src,
				);
				ICON = "$(ICON_NAME_RELEASE)";
				ICON_FILE = "$(ICON_FILE_PATH)$(ICON)";
				INFOPLIST_FILE = "openFrameworks-Info.plist";
				INSTALL_PATH = /Applications;
				LIBRARY_SEARCH_PATHS = "$(inherited)";
				OTHER_LDFLAGS = (
					"$(OF_CORE_FRAMEWORKS)",
					"$(OF_CORE_LIBS)",
					../localAddons/ofxTimeline/libs/openal/lib/osx/libsndfile.a,
					../localAddons/ofxTimeline/libs/sndfile/lib/osx/libsndfile.a,
				);
				PRODUCT_NAME = "$(TARGET_NAME)";
				WRAPPER_EXTENSION = app;
				baseConfigurationReference = E4EB6923138AFD0F00A09F29;
			};
			name = Release;
		};
/* End XCBuildConfiguration section */

/* Begin XCConfigurationList section */
		E4B69B4D0A3A1720003C02F2 /* Build configuration list for PBXProject "timelineTracker" */ = {
			isa = XCConfigurationList;
			buildConfigurations = (
				E4B69B4E0A3A1720003C02F2 /* Debug */,
				E4B69B4F0A3A1720003C02F2 /* Release */,
			);
			defaultConfigurationIsVisible = 0;
			defaultConfigurationName = Release;
		};
		E4B69B5F0A3A1757003C02F2 /* Build configuration list for PBXNativeTarget "timelineTracker" */ = {
			isa = XCConfigurationList;
			buildConfigurations = (
				E4B69B600A3A1757003C02F2 /* Debug */,
				E4B69B610A3A1757003C02F2 /* Release */,
			);
			defaultConfigurationIsVisible = 0;
			defaultConfigurationName = Release;
		};
/* End XCConfigurationList section */
	};
	rootObject = E4B69B4C0A3A1720003C02F2 /* Project object */;
}
